// !$*UTF8*$!
{
	archiveVersion = 1;
	classes = {
	};
	objectVersion = 52;
	objects = {

/* Begin PBXBuildFile section */
		6103B58226A304CB00CD6A50 /* AppDelegate.swift in Sources */ = {isa = PBXBuildFile; fileRef = 6103B58126A304CB00CD6A50 /* AppDelegate.swift */; };
		6103B58426A304CB00CD6A50 /* SceneDelegate.swift in Sources */ = {isa = PBXBuildFile; fileRef = 6103B58326A304CB00CD6A50 /* SceneDelegate.swift */; };
		6103B58626A304CB00CD6A50 /* RootViewController.swift in Sources */ = {isa = PBXBuildFile; fileRef = 6103B58526A304CB00CD6A50 /* RootViewController.swift */; };
		6103B58926A304CB00CD6A50 /* Main.storyboard in Resources */ = {isa = PBXBuildFile; fileRef = 6103B58726A304CB00CD6A50 /* Main.storyboard */; };
		6103B58B26A304CE00CD6A50 /* Assets.xcassets in Resources */ = {isa = PBXBuildFile; fileRef = 6103B58A26A304CE00CD6A50 /* Assets.xcassets */; };
		6103B58E26A304CE00CD6A50 /* LaunchScreen.storyboard in Resources */ = {isa = PBXBuildFile; fileRef = 6103B58C26A304CE00CD6A50 /* LaunchScreen.storyboard */; };
		6103B59926A304CF00CD6A50 /* MVI_ios_testTests.swift in Sources */ = {isa = PBXBuildFile; fileRef = 6103B59826A304CF00CD6A50 /* MVI_ios_testTests.swift */; };
		6103B5A426A304CF00CD6A50 /* MVI_ios_testUITests.swift in Sources */ = {isa = PBXBuildFile; fileRef = 6103B5A326A304CF00CD6A50 /* MVI_ios_testUITests.swift */; };
		6103B60926A31B0100CD6A50 /* Consumer.swift in Sources */ = {isa = PBXBuildFile; fileRef = 6103B60826A31B0100CD6A50 /* Consumer.swift */; };
		6103B61226A31C9000CD6A50 /* BaseFeature.swift in Sources */ = {isa = PBXBuildFile; fileRef = 6103B61126A31C9000CD6A50 /* BaseFeature.swift */; };
		6103B61F26A34DCA00CD6A50 /* Consumer+middleware.swift in Sources */ = {isa = PBXBuildFile; fileRef = 6103B61E26A34DCA00CD6A50 /* Consumer+middleware.swift */; };
		6103B62F26A35F2700CD6A50 /* Optional+let.swift in Sources */ = {isa = PBXBuildFile; fileRef = 6103B62E26A35F2700CD6A50 /* Optional+let.swift */; };
		6103B65926A36A5400CD6A50 /* DisposableCollection.swift in Sources */ = {isa = PBXBuildFile; fileRef = 6103B65826A36A5400CD6A50 /* DisposableCollection.swift */; };
		6103B66626A40D0000CD6A50 /* ActorReducerFeature.swift in Sources */ = {isa = PBXBuildFile; fileRef = 6103B66526A40D0000CD6A50 /* ActorReducerFeature.swift */; };
		6103B66B26A40E7200CD6A50 /* ReducerFeature.swift in Sources */ = {isa = PBXBuildFile; fileRef = 6103B66A26A40E7200CD6A50 /* ReducerFeature.swift */; };
		6103B67326A44E6400CD6A50 /* Binder.swift in Sources */ = {isa = PBXBuildFile; fileRef = 6103B67226A44E6400CD6A50 /* Binder.swift */; };
		6103B67926A454E900CD6A50 /* Middleware.swift in Sources */ = {isa = PBXBuildFile; fileRef = 6103B67826A454E900CD6A50 /* Middleware.swift */; };
		6103B68126A457AA00CD6A50 /* Connection.swift in Sources */ = {isa = PBXBuildFile; fileRef = 6103B68026A457AA00CD6A50 /* Connection.swift */; };
		6103B68C26A564E200CD6A50 /* StandaloneMiddleware.swift in Sources */ = {isa = PBXBuildFile; fileRef = 6103B68B26A564E200CD6A50 /* StandaloneMiddleware.swift */; };
		6103B69226A56E9F00CD6A50 /* MiddlewareConfiguration.swift in Sources */ = {isa = PBXBuildFile; fileRef = 6103B69126A56E9F00CD6A50 /* MiddlewareConfiguration.swift */; };
		6103B69A26A56EB000CD6A50 /* WrappingCondition.swift in Sources */ = {isa = PBXBuildFile; fileRef = 6103B69926A56EB000CD6A50 /* WrappingCondition.swift */; };
		619ECEED26A5BCD300D37B86 /* Middlewares.swift in Sources */ = {isa = PBXBuildFile; fileRef = 619ECEEC26A5BCD300D37B86 /* Middlewares.swift */; };
		619ECEF426A5BF6300D37B86 /* LogingMiddleware.swift in Sources */ = {isa = PBXBuildFile; fileRef = 619ECEF326A5BF6300D37B86 /* LogingMiddleware.swift */; };
		619ECF3126A6D72200D37B86 /* Moya in Frameworks */ = {isa = PBXBuildFile; productRef = 619ECF3026A6D72200D37B86 /* Moya */; };
		619ECF3A26A6D78600D37B86 /* Network.swift in Sources */ = {isa = PBXBuildFile; fileRef = 619ECF3626A6D78500D37B86 /* Network.swift */; };
		619ECF3B26A6D78600D37B86 /* MockServer.swift in Sources */ = {isa = PBXBuildFile; fileRef = 619ECF3726A6D78600D37B86 /* MockServer.swift */; };
		619ECF3C26A6D78600D37B86 /* Mapping.swift in Sources */ = {isa = PBXBuildFile; fileRef = 619ECF3826A6D78600D37B86 /* Mapping.swift */; };
		619ECF3D26A6D78600D37B86 /* API.swift in Sources */ = {isa = PBXBuildFile; fileRef = 619ECF3926A6D78600D37B86 /* API.swift */; };
		619ECF4526A6DD5000D37B86 /* MoyaPublisher.swift in Sources */ = {isa = PBXBuildFile; fileRef = 619ECF4226A6DD5000D37B86 /* MoyaPublisher.swift */; };
		619ECF4626A6DD5000D37B86 /* AnyPublisher+Response.swift in Sources */ = {isa = PBXBuildFile; fileRef = 619ECF4326A6DD5000D37B86 /* AnyPublisher+Response.swift */; };
		619ECF4726A6DD5000D37B86 /* MoyaProvider+Combine.swift in Sources */ = {isa = PBXBuildFile; fileRef = 619ECF4426A6DD5000D37B86 /* MoyaProvider+Combine.swift */; };
		619ECF5226A6DDB100D37B86 /* State+additional.swift in Sources */ = {isa = PBXBuildFile; fileRef = 619ECF4C26A6DDB100D37B86 /* State+additional.swift */; };
		619ECF5326A6DDB100D37B86 /* State.swift in Sources */ = {isa = PBXBuildFile; fileRef = 619ECF4D26A6DDB100D37B86 /* State.swift */; };
		619ECF5426A6DDB100D37B86 /* UserContainer.swift in Sources */ = {isa = PBXBuildFile; fileRef = 619ECF4F26A6DDB100D37B86 /* UserContainer.swift */; };
		619ECF5526A6DDB100D37B86 /* ModelsState.swift in Sources */ = {isa = PBXBuildFile; fileRef = 619ECF5026A6DDB100D37B86 /* ModelsState.swift */; };
		619ECF5626A6DDB100D37B86 /* PostContainer.swift in Sources */ = {isa = PBXBuildFile; fileRef = 619ECF5126A6DDB100D37B86 /* PostContainer.swift */; };
		619ECF5C26A6DFA000D37B86 /* Struct+safe.swift in Sources */ = {isa = PBXBuildFile; fileRef = 619ECF5B26A6DFA000D37B86 /* Struct+safe.swift */; };
		619ECF6626A6E20200D37B86 /* Session.swift in Sources */ = {isa = PBXBuildFile; fileRef = 619ECF6226A6E20200D37B86 /* Session.swift */; };
		619ECF6826A6E20200D37B86 /* SessionState.swift in Sources */ = {isa = PBXBuildFile; fileRef = 619ECF6426A6E20200D37B86 /* SessionState.swift */; };
		619ECF7326A6E24300D37B86 /* UserDefault.swift in Sources */ = {isa = PBXBuildFile; fileRef = 619ECF7226A6E24300D37B86 /* UserDefault.swift */; };
		619ECF7826A6E2A000D37B86 /* SessionFeature.swift in Sources */ = {isa = PBXBuildFile; fileRef = 619ECF7726A6E2A000D37B86 /* SessionFeature.swift */; };
		619ECF8026A6EB3E00D37B86 /* Invoker.swift in Sources */ = {isa = PBXBuildFile; fileRef = 619ECF7F26A6EB3E00D37B86 /* Invoker.swift */; };
/* End PBXBuildFile section */

/* Begin PBXContainerItemProxy section */
		6103B59526A304CF00CD6A50 /* PBXContainerItemProxy */ = {
			isa = PBXContainerItemProxy;
			containerPortal = 6103B57626A304CB00CD6A50 /* Project object */;
			proxyType = 1;
			remoteGlobalIDString = 6103B57D26A304CB00CD6A50;
			remoteInfo = "MVI-ios-test";
		};
		6103B5A026A304CF00CD6A50 /* PBXContainerItemProxy */ = {
			isa = PBXContainerItemProxy;
			containerPortal = 6103B57626A304CB00CD6A50 /* Project object */;
			proxyType = 1;
			remoteGlobalIDString = 6103B57D26A304CB00CD6A50;
			remoteInfo = "MVI-ios-test";
		};
/* End PBXContainerItemProxy section */

/* Begin PBXFileReference section */
		6103B57E26A304CB00CD6A50 /* MVI-ios-test.app */ = {isa = PBXFileReference; explicitFileType = wrapper.application; includeInIndex = 0; path = "MVI-ios-test.app"; sourceTree = BUILT_PRODUCTS_DIR; };
		6103B58126A304CB00CD6A50 /* AppDelegate.swift */ = {isa = PBXFileReference; lastKnownFileType = sourcecode.swift; path = AppDelegate.swift; sourceTree = "<group>"; };
		6103B58326A304CB00CD6A50 /* SceneDelegate.swift */ = {isa = PBXFileReference; lastKnownFileType = sourcecode.swift; path = SceneDelegate.swift; sourceTree = "<group>"; };
		6103B58526A304CB00CD6A50 /* RootViewController.swift */ = {isa = PBXFileReference; lastKnownFileType = sourcecode.swift; path = RootViewController.swift; sourceTree = "<group>"; };
		6103B58826A304CB00CD6A50 /* Base */ = {isa = PBXFileReference; lastKnownFileType = file.storyboard; name = Base; path = Base.lproj/Main.storyboard; sourceTree = "<group>"; };
		6103B58A26A304CE00CD6A50 /* Assets.xcassets */ = {isa = PBXFileReference; lastKnownFileType = folder.assetcatalog; path = Assets.xcassets; sourceTree = "<group>"; };
		6103B58D26A304CE00CD6A50 /* Base */ = {isa = PBXFileReference; lastKnownFileType = file.storyboard; name = Base; path = Base.lproj/LaunchScreen.storyboard; sourceTree = "<group>"; };
		6103B58F26A304CE00CD6A50 /* Info.plist */ = {isa = PBXFileReference; lastKnownFileType = text.plist.xml; path = Info.plist; sourceTree = "<group>"; };
		6103B59426A304CF00CD6A50 /* MVI-ios-testTests.xctest */ = {isa = PBXFileReference; explicitFileType = wrapper.cfbundle; includeInIndex = 0; path = "MVI-ios-testTests.xctest"; sourceTree = BUILT_PRODUCTS_DIR; };
		6103B59826A304CF00CD6A50 /* MVI_ios_testTests.swift */ = {isa = PBXFileReference; lastKnownFileType = sourcecode.swift; path = MVI_ios_testTests.swift; sourceTree = "<group>"; };
		6103B59A26A304CF00CD6A50 /* Info.plist */ = {isa = PBXFileReference; lastKnownFileType = text.plist.xml; path = Info.plist; sourceTree = "<group>"; };
		6103B59F26A304CF00CD6A50 /* MVI-ios-testUITests.xctest */ = {isa = PBXFileReference; explicitFileType = wrapper.cfbundle; includeInIndex = 0; path = "MVI-ios-testUITests.xctest"; sourceTree = BUILT_PRODUCTS_DIR; };
		6103B5A326A304CF00CD6A50 /* MVI_ios_testUITests.swift */ = {isa = PBXFileReference; lastKnownFileType = sourcecode.swift; path = MVI_ios_testUITests.swift; sourceTree = "<group>"; };
		6103B5A526A304CF00CD6A50 /* Info.plist */ = {isa = PBXFileReference; lastKnownFileType = text.plist.xml; path = Info.plist; sourceTree = "<group>"; };
		6103B60826A31B0100CD6A50 /* Consumer.swift */ = {isa = PBXFileReference; lastKnownFileType = sourcecode.swift; path = Consumer.swift; sourceTree = "<group>"; };
		6103B61126A31C9000CD6A50 /* BaseFeature.swift */ = {isa = PBXFileReference; lastKnownFileType = sourcecode.swift; path = BaseFeature.swift; sourceTree = "<group>"; };
		6103B61E26A34DCA00CD6A50 /* Consumer+middleware.swift */ = {isa = PBXFileReference; lastKnownFileType = sourcecode.swift; path = "Consumer+middleware.swift"; sourceTree = "<group>"; };
		6103B62E26A35F2700CD6A50 /* Optional+let.swift */ = {isa = PBXFileReference; lastKnownFileType = sourcecode.swift; path = "Optional+let.swift"; sourceTree = "<group>"; };
		6103B65826A36A5400CD6A50 /* DisposableCollection.swift */ = {isa = PBXFileReference; lastKnownFileType = sourcecode.swift; path = DisposableCollection.swift; sourceTree = "<group>"; };
		6103B66526A40D0000CD6A50 /* ActorReducerFeature.swift */ = {isa = PBXFileReference; lastKnownFileType = sourcecode.swift; path = ActorReducerFeature.swift; sourceTree = "<group>"; };
		6103B66A26A40E7200CD6A50 /* ReducerFeature.swift */ = {isa = PBXFileReference; lastKnownFileType = sourcecode.swift; path = ReducerFeature.swift; sourceTree = "<group>"; };
		6103B67226A44E6400CD6A50 /* Binder.swift */ = {isa = PBXFileReference; lastKnownFileType = sourcecode.swift; path = Binder.swift; sourceTree = "<group>"; };
		6103B67826A454E900CD6A50 /* Middleware.swift */ = {isa = PBXFileReference; lastKnownFileType = sourcecode.swift; path = Middleware.swift; sourceTree = "<group>"; };
		6103B68026A457AA00CD6A50 /* Connection.swift */ = {isa = PBXFileReference; lastKnownFileType = sourcecode.swift; path = Connection.swift; sourceTree = "<group>"; };
		6103B68B26A564E200CD6A50 /* StandaloneMiddleware.swift */ = {isa = PBXFileReference; lastKnownFileType = sourcecode.swift; path = StandaloneMiddleware.swift; sourceTree = "<group>"; };
		6103B69126A56E9F00CD6A50 /* MiddlewareConfiguration.swift */ = {isa = PBXFileReference; lastKnownFileType = sourcecode.swift; path = MiddlewareConfiguration.swift; sourceTree = "<group>"; };
		6103B69926A56EB000CD6A50 /* WrappingCondition.swift */ = {isa = PBXFileReference; lastKnownFileType = sourcecode.swift; path = WrappingCondition.swift; sourceTree = "<group>"; };
		619ECEEC26A5BCD300D37B86 /* Middlewares.swift */ = {isa = PBXFileReference; lastKnownFileType = sourcecode.swift; path = Middlewares.swift; sourceTree = "<group>"; };
		619ECEF326A5BF6300D37B86 /* LogingMiddleware.swift */ = {isa = PBXFileReference; lastKnownFileType = sourcecode.swift; path = LogingMiddleware.swift; sourceTree = "<group>"; };
		619ECF3626A6D78500D37B86 /* Network.swift */ = {isa = PBXFileReference; fileEncoding = 4; lastKnownFileType = sourcecode.swift; path = Network.swift; sourceTree = "<group>"; };
		619ECF3726A6D78600D37B86 /* MockServer.swift */ = {isa = PBXFileReference; fileEncoding = 4; lastKnownFileType = sourcecode.swift; path = MockServer.swift; sourceTree = "<group>"; };
		619ECF3826A6D78600D37B86 /* Mapping.swift */ = {isa = PBXFileReference; fileEncoding = 4; lastKnownFileType = sourcecode.swift; path = Mapping.swift; sourceTree = "<group>"; };
		619ECF3926A6D78600D37B86 /* API.swift */ = {isa = PBXFileReference; fileEncoding = 4; lastKnownFileType = sourcecode.swift; path = API.swift; sourceTree = "<group>"; };
		619ECF4226A6DD5000D37B86 /* MoyaPublisher.swift */ = {isa = PBXFileReference; fileEncoding = 4; lastKnownFileType = sourcecode.swift; path = MoyaPublisher.swift; sourceTree = "<group>"; };
		619ECF4326A6DD5000D37B86 /* AnyPublisher+Response.swift */ = {isa = PBXFileReference; fileEncoding = 4; lastKnownFileType = sourcecode.swift; path = "AnyPublisher+Response.swift"; sourceTree = "<group>"; };
		619ECF4426A6DD5000D37B86 /* MoyaProvider+Combine.swift */ = {isa = PBXFileReference; fileEncoding = 4; lastKnownFileType = sourcecode.swift; path = "MoyaProvider+Combine.swift"; sourceTree = "<group>"; };
		619ECF4C26A6DDB100D37B86 /* State+additional.swift */ = {isa = PBXFileReference; fileEncoding = 4; lastKnownFileType = sourcecode.swift; path = "State+additional.swift"; sourceTree = "<group>"; };
		619ECF4D26A6DDB100D37B86 /* State.swift */ = {isa = PBXFileReference; fileEncoding = 4; lastKnownFileType = sourcecode.swift; path = State.swift; sourceTree = "<group>"; };
		619ECF4F26A6DDB100D37B86 /* UserContainer.swift */ = {isa = PBXFileReference; fileEncoding = 4; lastKnownFileType = sourcecode.swift; path = UserContainer.swift; sourceTree = "<group>"; };
		619ECF5026A6DDB100D37B86 /* ModelsState.swift */ = {isa = PBXFileReference; fileEncoding = 4; lastKnownFileType = sourcecode.swift; path = ModelsState.swift; sourceTree = "<group>"; };
		619ECF5126A6DDB100D37B86 /* PostContainer.swift */ = {isa = PBXFileReference; fileEncoding = 4; lastKnownFileType = sourcecode.swift; path = PostContainer.swift; sourceTree = "<group>"; };
		619ECF5B26A6DFA000D37B86 /* Struct+safe.swift */ = {isa = PBXFileReference; fileEncoding = 4; lastKnownFileType = sourcecode.swift; path = "Struct+safe.swift"; sourceTree = "<group>"; };
		619ECF6226A6E20200D37B86 /* Session.swift */ = {isa = PBXFileReference; fileEncoding = 4; lastKnownFileType = sourcecode.swift; path = Session.swift; sourceTree = "<group>"; };
		619ECF6426A6E20200D37B86 /* SessionState.swift */ = {isa = PBXFileReference; fileEncoding = 4; lastKnownFileType = sourcecode.swift; path = SessionState.swift; sourceTree = "<group>"; };
		619ECF7226A6E24300D37B86 /* UserDefault.swift */ = {isa = PBXFileReference; fileEncoding = 4; lastKnownFileType = sourcecode.swift; path = UserDefault.swift; sourceTree = "<group>"; };
		619ECF7726A6E2A000D37B86 /* SessionFeature.swift */ = {isa = PBXFileReference; lastKnownFileType = sourcecode.swift; path = SessionFeature.swift; sourceTree = "<group>"; };
		619ECF7F26A6EB3E00D37B86 /* Invoker.swift */ = {isa = PBXFileReference; lastKnownFileType = sourcecode.swift; path = Invoker.swift; sourceTree = "<group>"; };
/* End PBXFileReference section */

/* Begin PBXFrameworksBuildPhase section */
		6103B57B26A304CB00CD6A50 /* Frameworks */ = {
			isa = PBXFrameworksBuildPhase;
			buildActionMask = 2147483647;
			files = (
				619ECF3126A6D72200D37B86 /* Moya in Frameworks */,
			);
			runOnlyForDeploymentPostprocessing = 0;
		};
		6103B59126A304CF00CD6A50 /* Frameworks */ = {
			isa = PBXFrameworksBuildPhase;
			buildActionMask = 2147483647;
			files = (
			);
			runOnlyForDeploymentPostprocessing = 0;
		};
		6103B59C26A304CF00CD6A50 /* Frameworks */ = {
			isa = PBXFrameworksBuildPhase;
			buildActionMask = 2147483647;
			files = (
			);
			runOnlyForDeploymentPostprocessing = 0;
		};
/* End PBXFrameworksBuildPhase section */

/* Begin PBXGroup section */
		6103B57526A304CB00CD6A50 = {
			isa = PBXGroup;
			children = (
				6103B5B426A304DB00CD6A50 /* Mvi */,
				6103B58026A304CB00CD6A50 /* MVI-ios-test */,
				6103B59726A304CF00CD6A50 /* MVI-ios-testTests */,
				6103B5A226A304CF00CD6A50 /* MVI-ios-testUITests */,
				6103B57F26A304CB00CD6A50 /* Products */,
			);
			sourceTree = "<group>";
		};
		6103B57F26A304CB00CD6A50 /* Products */ = {
			isa = PBXGroup;
			children = (
				6103B57E26A304CB00CD6A50 /* MVI-ios-test.app */,
				6103B59426A304CF00CD6A50 /* MVI-ios-testTests.xctest */,
				6103B59F26A304CF00CD6A50 /* MVI-ios-testUITests.xctest */,
			);
			name = Products;
			sourceTree = "<group>";
		};
		6103B58026A304CB00CD6A50 /* MVI-ios-test */ = {
			isa = PBXGroup;
			children = (
				619ECF5A26A6DF9500D37B86 /* utils */,
				619ECF4B26A6DDB100D37B86 /* State */,
				619ECF3526A6D77C00D37B86 /* network */,
				6103B58126A304CB00CD6A50 /* AppDelegate.swift */,
				6103B58326A304CB00CD6A50 /* SceneDelegate.swift */,
				6103B58526A304CB00CD6A50 /* RootViewController.swift */,
				6103B58726A304CB00CD6A50 /* Main.storyboard */,
				6103B58A26A304CE00CD6A50 /* Assets.xcassets */,
				6103B58C26A304CE00CD6A50 /* LaunchScreen.storyboard */,
				6103B58F26A304CE00CD6A50 /* Info.plist */,
			);
			path = "MVI-ios-test";
			sourceTree = "<group>";
		};
		6103B59726A304CF00CD6A50 /* MVI-ios-testTests */ = {
			isa = PBXGroup;
			children = (
				6103B59826A304CF00CD6A50 /* MVI_ios_testTests.swift */,
				6103B59A26A304CF00CD6A50 /* Info.plist */,
			);
			path = "MVI-ios-testTests";
			sourceTree = "<group>";
		};
		6103B5A226A304CF00CD6A50 /* MVI-ios-testUITests */ = {
			isa = PBXGroup;
			children = (
				6103B5A326A304CF00CD6A50 /* MVI_ios_testUITests.swift */,
				6103B5A526A304CF00CD6A50 /* Info.plist */,
			);
			path = "MVI-ios-testUITests";
			sourceTree = "<group>";
		};
		6103B5B426A304DB00CD6A50 /* Mvi */ = {
			isa = PBXGroup;
			children = (
				6103B61C26A34DAD00CD6A50 /* binder */,
				6103B61026A31C8600CD6A50 /* feature */,
				6103B5FF26A31A6E00CD6A50 /* element */,
			);
			path = Mvi;
			sourceTree = "<group>";
		};
		6103B5FF26A31A6E00CD6A50 /* element */ = {
			isa = PBXGroup;
			children = (
				6103B60826A31B0100CD6A50 /* Consumer.swift */,
				6103B62E26A35F2700CD6A50 /* Optional+let.swift */,
			);
			path = element;
			sourceTree = "<group>";
		};
		6103B61026A31C8600CD6A50 /* feature */ = {
			isa = PBXGroup;
			children = (
				6103B65826A36A5400CD6A50 /* DisposableCollection.swift */,
				619ECF7F26A6EB3E00D37B86 /* Invoker.swift */,
				6103B61126A31C9000CD6A50 /* BaseFeature.swift */,
				6103B66526A40D0000CD6A50 /* ActorReducerFeature.swift */,
				6103B66A26A40E7200CD6A50 /* ReducerFeature.swift */,
			);
			path = feature;
			sourceTree = "<group>";
		};
		6103B61C26A34DAD00CD6A50 /* binder */ = {
			isa = PBXGroup;
			children = (
				6103B61D26A34DB300CD6A50 /* middleware */,
				6103B67226A44E6400CD6A50 /* Binder.swift */,
				6103B68026A457AA00CD6A50 /* Connection.swift */,
			);
			path = binder;
			sourceTree = "<group>";
		};
		6103B61D26A34DB300CD6A50 /* middleware */ = {
			isa = PBXGroup;
			children = (
				619ECEF226A5BF4F00D37B86 /* custom */,
				6103B69026A56E9600CD6A50 /* config */,
				6103B67726A454DA00CD6A50 /* base */,
				6103B61E26A34DCA00CD6A50 /* Consumer+middleware.swift */,
			);
			path = middleware;
			sourceTree = "<group>";
		};
		6103B67726A454DA00CD6A50 /* base */ = {
			isa = PBXGroup;
			children = (
				619ECEEC26A5BCD300D37B86 /* Middlewares.swift */,
				6103B67826A454E900CD6A50 /* Middleware.swift */,
				6103B68B26A564E200CD6A50 /* StandaloneMiddleware.swift */,
			);
			path = base;
			sourceTree = "<group>";
		};
		6103B69026A56E9600CD6A50 /* config */ = {
			isa = PBXGroup;
			children = (
				6103B69126A56E9F00CD6A50 /* MiddlewareConfiguration.swift */,
				6103B69926A56EB000CD6A50 /* WrappingCondition.swift */,
			);
			path = config;
			sourceTree = "<group>";
		};
		619ECEF226A5BF4F00D37B86 /* custom */ = {
			isa = PBXGroup;
			children = (
				619ECEF326A5BF6300D37B86 /* LogingMiddleware.swift */,
			);
			path = custom;
			sourceTree = "<group>";
		};
		619ECF3526A6D77C00D37B86 /* network */ = {
			isa = PBXGroup;
			children = (
				619ECF6026A6E20200D37B86 /* session */,
				619ECF4126A6DD0600D37B86 /* MoyaCombine */,
				619ECF3926A6D78600D37B86 /* API.swift */,
				619ECF3826A6D78600D37B86 /* Mapping.swift */,
				619ECF3726A6D78600D37B86 /* MockServer.swift */,
				619ECF3626A6D78500D37B86 /* Network.swift */,
			);
			path = network;
			sourceTree = "<group>";
		};
		619ECF4126A6DD0600D37B86 /* MoyaCombine */ = {
			isa = PBXGroup;
			children = (
				619ECF4326A6DD5000D37B86 /* AnyPublisher+Response.swift */,
				619ECF4426A6DD5000D37B86 /* MoyaProvider+Combine.swift */,
				619ECF4226A6DD5000D37B86 /* MoyaPublisher.swift */,
			);
			path = MoyaCombine;
			sourceTree = "<group>";
		};
		619ECF4B26A6DDB100D37B86 /* State */ = {
			isa = PBXGroup;
			children = (
				619ECF4C26A6DDB100D37B86 /* State+additional.swift */,
				619ECF4D26A6DDB100D37B86 /* State.swift */,
				619ECF4E26A6DDB100D37B86 /* models */,
			);
			path = State;
			sourceTree = "<group>";
		};
		619ECF4E26A6DDB100D37B86 /* models */ = {
			isa = PBXGroup;
			children = (
				619ECF4F26A6DDB100D37B86 /* UserContainer.swift */,
				619ECF5026A6DDB100D37B86 /* ModelsState.swift */,
				619ECF5126A6DDB100D37B86 /* PostContainer.swift */,
			);
			path = models;
			sourceTree = "<group>";
		};
		619ECF5A26A6DF9500D37B86 /* utils */ = {
			isa = PBXGroup;
			children = (
				619ECF5B26A6DFA000D37B86 /* Struct+safe.swift */,
				619ECF7226A6E24300D37B86 /* UserDefault.swift */,
			);
			path = utils;
			sourceTree = "<group>";
		};
		619ECF6026A6E20200D37B86 /* session */ = {
			isa = PBXGroup;
			children = (
				619ECF6226A6E20200D37B86 /* Session.swift */,
				619ECF6426A6E20200D37B86 /* SessionState.swift */,
				619ECF7726A6E2A000D37B86 /* SessionFeature.swift */,
			);
			path = session;
			sourceTree = "<group>";
		};
/* End PBXGroup section */

/* Begin PBXNativeTarget section */
		6103B57D26A304CB00CD6A50 /* MVI-ios-test */ = {
			isa = PBXNativeTarget;
			buildConfigurationList = 6103B5A826A304CF00CD6A50 /* Build configuration list for PBXNativeTarget "MVI-ios-test" */;
			buildPhases = (
				6103B57A26A304CB00CD6A50 /* Sources */,
				6103B57B26A304CB00CD6A50 /* Frameworks */,
				6103B57C26A304CB00CD6A50 /* Resources */,
			);
			buildRules = (
			);
			dependencies = (
			);
			name = "MVI-ios-test";
			packageProductDependencies = (
				619ECF3026A6D72200D37B86 /* Moya */,
			);
			productName = "MVI-ios-test";
			productReference = 6103B57E26A304CB00CD6A50 /* MVI-ios-test.app */;
			productType = "com.apple.product-type.application";
		};
		6103B59326A304CF00CD6A50 /* MVI-ios-testTests */ = {
			isa = PBXNativeTarget;
			buildConfigurationList = 6103B5AB26A304CF00CD6A50 /* Build configuration list for PBXNativeTarget "MVI-ios-testTests" */;
			buildPhases = (
				6103B59026A304CF00CD6A50 /* Sources */,
				6103B59126A304CF00CD6A50 /* Frameworks */,
				6103B59226A304CF00CD6A50 /* Resources */,
			);
			buildRules = (
			);
			dependencies = (
				6103B59626A304CF00CD6A50 /* PBXTargetDependency */,
			);
			name = "MVI-ios-testTests";
			productName = "MVI-ios-testTests";
			productReference = 6103B59426A304CF00CD6A50 /* MVI-ios-testTests.xctest */;
			productType = "com.apple.product-type.bundle.unit-test";
		};
		6103B59E26A304CF00CD6A50 /* MVI-ios-testUITests */ = {
			isa = PBXNativeTarget;
			buildConfigurationList = 6103B5AE26A304CF00CD6A50 /* Build configuration list for PBXNativeTarget "MVI-ios-testUITests" */;
			buildPhases = (
				6103B59B26A304CF00CD6A50 /* Sources */,
				6103B59C26A304CF00CD6A50 /* Frameworks */,
				6103B59D26A304CF00CD6A50 /* Resources */,
			);
			buildRules = (
			);
			dependencies = (
				6103B5A126A304CF00CD6A50 /* PBXTargetDependency */,
			);
			name = "MVI-ios-testUITests";
			productName = "MVI-ios-testUITests";
			productReference = 6103B59F26A304CF00CD6A50 /* MVI-ios-testUITests.xctest */;
			productType = "com.apple.product-type.bundle.ui-testing";
		};
/* End PBXNativeTarget section */

/* Begin PBXProject section */
		6103B57626A304CB00CD6A50 /* Project object */ = {
			isa = PBXProject;
			attributes = {
				LastSwiftUpdateCheck = 1240;
				LastUpgradeCheck = 1240;
				TargetAttributes = {
					6103B57D26A304CB00CD6A50 = {
						CreatedOnToolsVersion = 12.4;
					};
					6103B59326A304CF00CD6A50 = {
						CreatedOnToolsVersion = 12.4;
						TestTargetID = 6103B57D26A304CB00CD6A50;
					};
					6103B59E26A304CF00CD6A50 = {
						CreatedOnToolsVersion = 12.4;
						TestTargetID = 6103B57D26A304CB00CD6A50;
					};
				};
			};
			buildConfigurationList = 6103B57926A304CB00CD6A50 /* Build configuration list for PBXProject "MVI-ios-test" */;
			compatibilityVersion = "Xcode 9.3";
			developmentRegion = en;
			hasScannedForEncodings = 0;
			knownRegions = (
				en,
				Base,
			);
			mainGroup = 6103B57526A304CB00CD6A50;
			packageReferences = (
				619ECF2F26A6D72200D37B86 /* XCRemoteSwiftPackageReference "Moya" */,
			);
			productRefGroup = 6103B57F26A304CB00CD6A50 /* Products */;
			projectDirPath = "";
			projectRoot = "";
			targets = (
				6103B57D26A304CB00CD6A50 /* MVI-ios-test */,
				6103B59326A304CF00CD6A50 /* MVI-ios-testTests */,
				6103B59E26A304CF00CD6A50 /* MVI-ios-testUITests */,
			);
		};
/* End PBXProject section */

/* Begin PBXResourcesBuildPhase section */
		6103B57C26A304CB00CD6A50 /* Resources */ = {
			isa = PBXResourcesBuildPhase;
			buildActionMask = 2147483647;
			files = (
				6103B58E26A304CE00CD6A50 /* LaunchScreen.storyboard in Resources */,
				6103B58B26A304CE00CD6A50 /* Assets.xcassets in Resources */,
				6103B58926A304CB00CD6A50 /* Main.storyboard in Resources */,
			);
			runOnlyForDeploymentPostprocessing = 0;
		};
		6103B59226A304CF00CD6A50 /* Resources */ = {
			isa = PBXResourcesBuildPhase;
			buildActionMask = 2147483647;
			files = (
			);
			runOnlyForDeploymentPostprocessing = 0;
		};
		6103B59D26A304CF00CD6A50 /* Resources */ = {
			isa = PBXResourcesBuildPhase;
			buildActionMask = 2147483647;
			files = (
			);
			runOnlyForDeploymentPostprocessing = 0;
		};
/* End PBXResourcesBuildPhase section */

/* Begin PBXSourcesBuildPhase section */
		6103B57A26A304CB00CD6A50 /* Sources */ = {
			isa = PBXSourcesBuildPhase;
			buildActionMask = 2147483647;
			files = (
				619ECF3D26A6D78600D37B86 /* API.swift in Sources */,
				6103B68C26A564E200CD6A50 /* StandaloneMiddleware.swift in Sources */,
				6103B69A26A56EB000CD6A50 /* WrappingCondition.swift in Sources */,
				619ECEED26A5BCD300D37B86 /* Middlewares.swift in Sources */,
				619ECF4526A6DD5000D37B86 /* MoyaPublisher.swift in Sources */,
				619ECF5326A6DDB100D37B86 /* State.swift in Sources */,
				6103B67926A454E900CD6A50 /* Middleware.swift in Sources */,
				6103B61226A31C9000CD6A50 /* BaseFeature.swift in Sources */,
				6103B60926A31B0100CD6A50 /* Consumer.swift in Sources */,
				6103B58626A304CB00CD6A50 /* RootViewController.swift in Sources */,
				6103B68126A457AA00CD6A50 /* Connection.swift in Sources */,
				619ECF4726A6DD5000D37B86 /* MoyaProvider+Combine.swift in Sources */,
				619ECF7326A6E24300D37B86 /* UserDefault.swift in Sources */,
				619ECEF426A5BF6300D37B86 /* LogingMiddleware.swift in Sources */,
				619ECF3C26A6D78600D37B86 /* Mapping.swift in Sources */,
				6103B66626A40D0000CD6A50 /* ActorReducerFeature.swift in Sources */,
				6103B66B26A40E7200CD6A50 /* ReducerFeature.swift in Sources */,
				619ECF7826A6E2A000D37B86 /* SessionFeature.swift in Sources */,
				619ECF6826A6E20200D37B86 /* SessionState.swift in Sources */,
				619ECF5426A6DDB100D37B86 /* UserContainer.swift in Sources */,
				619ECF4626A6DD5000D37B86 /* AnyPublisher+Response.swift in Sources */,
				6103B62F26A35F2700CD6A50 /* Optional+let.swift in Sources */,
				619ECF3A26A6D78600D37B86 /* Network.swift in Sources */,
				6103B67326A44E6400CD6A50 /* Binder.swift in Sources */,
				6103B61F26A34DCA00CD6A50 /* Consumer+middleware.swift in Sources */,
				6103B69226A56E9F00CD6A50 /* MiddlewareConfiguration.swift in Sources */,
				619ECF8026A6EB3E00D37B86 /* Invoker.swift in Sources */,
				619ECF3B26A6D78600D37B86 /* MockServer.swift in Sources */,
				619ECF5226A6DDB100D37B86 /* State+additional.swift in Sources */,
				6103B58226A304CB00CD6A50 /* AppDelegate.swift in Sources */,
				6103B65926A36A5400CD6A50 /* DisposableCollection.swift in Sources */,
				619ECF5626A6DDB100D37B86 /* PostContainer.swift in Sources */,
				619ECF6626A6E20200D37B86 /* Session.swift in Sources */,
				619ECF5526A6DDB100D37B86 /* ModelsState.swift in Sources */,
				619ECF5C26A6DFA000D37B86 /* Struct+safe.swift in Sources */,
				6103B58426A304CB00CD6A50 /* SceneDelegate.swift in Sources */,
			);
			runOnlyForDeploymentPostprocessing = 0;
		};
		6103B59026A304CF00CD6A50 /* Sources */ = {
			isa = PBXSourcesBuildPhase;
			buildActionMask = 2147483647;
			files = (
				6103B59926A304CF00CD6A50 /* MVI_ios_testTests.swift in Sources */,
			);
			runOnlyForDeploymentPostprocessing = 0;
		};
		6103B59B26A304CF00CD6A50 /* Sources */ = {
			isa = PBXSourcesBuildPhase;
			buildActionMask = 2147483647;
			files = (
				6103B5A426A304CF00CD6A50 /* MVI_ios_testUITests.swift in Sources */,
			);
			runOnlyForDeploymentPostprocessing = 0;
		};
/* End PBXSourcesBuildPhase section */

/* Begin PBXTargetDependency section */
		6103B59626A304CF00CD6A50 /* PBXTargetDependency */ = {
			isa = PBXTargetDependency;
			target = 6103B57D26A304CB00CD6A50 /* MVI-ios-test */;
			targetProxy = 6103B59526A304CF00CD6A50 /* PBXContainerItemProxy */;
		};
		6103B5A126A304CF00CD6A50 /* PBXTargetDependency */ = {
			isa = PBXTargetDependency;
			target = 6103B57D26A304CB00CD6A50 /* MVI-ios-test */;
			targetProxy = 6103B5A026A304CF00CD6A50 /* PBXContainerItemProxy */;
		};
/* End PBXTargetDependency section */

/* Begin PBXVariantGroup section */
		6103B58726A304CB00CD6A50 /* Main.storyboard */ = {
			isa = PBXVariantGroup;
			children = (
				6103B58826A304CB00CD6A50 /* Base */,
			);
			name = Main.storyboard;
			sourceTree = "<group>";
		};
		6103B58C26A304CE00CD6A50 /* LaunchScreen.storyboard */ = {
			isa = PBXVariantGroup;
			children = (
				6103B58D26A304CE00CD6A50 /* Base */,
			);
			name = LaunchScreen.storyboard;
			sourceTree = "<group>";
		};
/* End PBXVariantGroup section */

/* Begin XCBuildConfiguration section */
		6103B5A626A304CF00CD6A50 /* Debug */ = {
			isa = XCBuildConfiguration;
			buildSettings = {
				ALWAYS_SEARCH_USER_PATHS = NO;
				CLANG_ANALYZER_NONNULL = YES;
				CLANG_ANALYZER_NUMBER_OBJECT_CONVERSION = YES_AGGRESSIVE;
				CLANG_CXX_LANGUAGE_STANDARD = "gnu++14";
				CLANG_CXX_LIBRARY = "libc++";
				CLANG_ENABLE_MODULES = YES;
				CLANG_ENABLE_OBJC_ARC = YES;
				CLANG_ENABLE_OBJC_WEAK = YES;
				CLANG_WARN_BLOCK_CAPTURE_AUTORELEASING = YES;
				CLANG_WARN_BOOL_CONVERSION = YES;
				CLANG_WARN_COMMA = YES;
				CLANG_WARN_CONSTANT_CONVERSION = YES;
				CLANG_WARN_DEPRECATED_OBJC_IMPLEMENTATIONS = YES;
				CLANG_WARN_DIRECT_OBJC_ISA_USAGE = YES_ERROR;
				CLANG_WARN_DOCUMENTATION_COMMENTS = YES;
				CLANG_WARN_EMPTY_BODY = YES;
				CLANG_WARN_ENUM_CONVERSION = YES;
				CLANG_WARN_INFINITE_RECURSION = YES;
				CLANG_WARN_INT_CONVERSION = YES;
				CLANG_WARN_NON_LITERAL_NULL_CONVERSION = YES;
				CLANG_WARN_OBJC_IMPLICIT_RETAIN_SELF = YES;
				CLANG_WARN_OBJC_LITERAL_CONVERSION = YES;
				CLANG_WARN_OBJC_ROOT_CLASS = YES_ERROR;
				CLANG_WARN_QUOTED_INCLUDE_IN_FRAMEWORK_HEADER = YES;
				CLANG_WARN_RANGE_LOOP_ANALYSIS = YES;
				CLANG_WARN_STRICT_PROTOTYPES = YES;
				CLANG_WARN_SUSPICIOUS_MOVE = YES;
				CLANG_WARN_UNGUARDED_AVAILABILITY = YES_AGGRESSIVE;
				CLANG_WARN_UNREACHABLE_CODE = YES;
				CLANG_WARN__DUPLICATE_METHOD_MATCH = YES;
				COPY_PHASE_STRIP = NO;
				DEBUG_INFORMATION_FORMAT = dwarf;
				ENABLE_STRICT_OBJC_MSGSEND = YES;
				ENABLE_TESTABILITY = YES;
				GCC_C_LANGUAGE_STANDARD = gnu11;
				GCC_DYNAMIC_NO_PIC = NO;
				GCC_NO_COMMON_BLOCKS = YES;
				GCC_OPTIMIZATION_LEVEL = 0;
				GCC_PREPROCESSOR_DEFINITIONS = (
					"DEBUG=1",
					"$(inherited)",
				);
				GCC_WARN_64_TO_32_BIT_CONVERSION = YES;
				GCC_WARN_ABOUT_RETURN_TYPE = YES_ERROR;
				GCC_WARN_UNDECLARED_SELECTOR = YES;
				GCC_WARN_UNINITIALIZED_AUTOS = YES_AGGRESSIVE;
				GCC_WARN_UNUSED_FUNCTION = YES;
				GCC_WARN_UNUSED_VARIABLE = YES;
				IPHONEOS_DEPLOYMENT_TARGET = 13.0;
				MTL_ENABLE_DEBUG_INFO = INCLUDE_SOURCE;
				MTL_FAST_MATH = YES;
				ONLY_ACTIVE_ARCH = YES;
				SDKROOT = iphoneos;
				SWIFT_ACTIVE_COMPILATION_CONDITIONS = DEBUG;
				SWIFT_OPTIMIZATION_LEVEL = "-Onone";
			};
			name = Debug;
		};
		6103B5A726A304CF00CD6A50 /* Release */ = {
			isa = XCBuildConfiguration;
			buildSettings = {
				ALWAYS_SEARCH_USER_PATHS = NO;
				CLANG_ANALYZER_NONNULL = YES;
				CLANG_ANALYZER_NUMBER_OBJECT_CONVERSION = YES_AGGRESSIVE;
				CLANG_CXX_LANGUAGE_STANDARD = "gnu++14";
				CLANG_CXX_LIBRARY = "libc++";
				CLANG_ENABLE_MODULES = YES;
				CLANG_ENABLE_OBJC_ARC = YES;
				CLANG_ENABLE_OBJC_WEAK = YES;
				CLANG_WARN_BLOCK_CAPTURE_AUTORELEASING = YES;
				CLANG_WARN_BOOL_CONVERSION = YES;
				CLANG_WARN_COMMA = YES;
				CLANG_WARN_CONSTANT_CONVERSION = YES;
				CLANG_WARN_DEPRECATED_OBJC_IMPLEMENTATIONS = YES;
				CLANG_WARN_DIRECT_OBJC_ISA_USAGE = YES_ERROR;
				CLANG_WARN_DOCUMENTATION_COMMENTS = YES;
				CLANG_WARN_EMPTY_BODY = YES;
				CLANG_WARN_ENUM_CONVERSION = YES;
				CLANG_WARN_INFINITE_RECURSION = YES;
				CLANG_WARN_INT_CONVERSION = YES;
				CLANG_WARN_NON_LITERAL_NULL_CONVERSION = YES;
				CLANG_WARN_OBJC_IMPLICIT_RETAIN_SELF = YES;
				CLANG_WARN_OBJC_LITERAL_CONVERSION = YES;
				CLANG_WARN_OBJC_ROOT_CLASS = YES_ERROR;
				CLANG_WARN_QUOTED_INCLUDE_IN_FRAMEWORK_HEADER = YES;
				CLANG_WARN_RANGE_LOOP_ANALYSIS = YES;
				CLANG_WARN_STRICT_PROTOTYPES = YES;
				CLANG_WARN_SUSPICIOUS_MOVE = YES;
				CLANG_WARN_UNGUARDED_AVAILABILITY = YES_AGGRESSIVE;
				CLANG_WARN_UNREACHABLE_CODE = YES;
				CLANG_WARN__DUPLICATE_METHOD_MATCH = YES;
				COPY_PHASE_STRIP = NO;
				DEBUG_INFORMATION_FORMAT = "dwarf-with-dsym";
				ENABLE_NS_ASSERTIONS = NO;
				ENABLE_STRICT_OBJC_MSGSEND = YES;
				GCC_C_LANGUAGE_STANDARD = gnu11;
				GCC_NO_COMMON_BLOCKS = YES;
				GCC_WARN_64_TO_32_BIT_CONVERSION = YES;
				GCC_WARN_ABOUT_RETURN_TYPE = YES_ERROR;
				GCC_WARN_UNDECLARED_SELECTOR = YES;
				GCC_WARN_UNINITIALIZED_AUTOS = YES_AGGRESSIVE;
				GCC_WARN_UNUSED_FUNCTION = YES;
				GCC_WARN_UNUSED_VARIABLE = YES;
				IPHONEOS_DEPLOYMENT_TARGET = 13.0;
				MTL_ENABLE_DEBUG_INFO = NO;
				MTL_FAST_MATH = YES;
				SDKROOT = iphoneos;
				SWIFT_COMPILATION_MODE = wholemodule;
				SWIFT_OPTIMIZATION_LEVEL = "-O";
				VALIDATE_PRODUCT = YES;
			};
			name = Release;
		};
		6103B5A926A304CF00CD6A50 /* Debug */ = {
			isa = XCBuildConfiguration;
			buildSettings = {
				ASSETCATALOG_COMPILER_APPICON_NAME = AppIcon;
				ASSETCATALOG_COMPILER_GLOBAL_ACCENT_COLOR_NAME = AccentColor;
				CODE_SIGN_STYLE = Automatic;
				DEVELOPMENT_TEAM = DDP7PRWGWJ;
				INFOPLIST_FILE = "MVI-ios-test/Info.plist";
				LD_RUNPATH_SEARCH_PATHS = (
					"$(inherited)",
					"@executable_path/Frameworks",
				);
				PRODUCT_BUNDLE_IDENTIFIER = "quadcode.MVI-ios-test";
				PRODUCT_NAME = "$(TARGET_NAME)";
				SWIFT_VERSION = 5.0;
				TARGETED_DEVICE_FAMILY = "1,2";
			};
			name = Debug;
		};
		6103B5AA26A304CF00CD6A50 /* Release */ = {
			isa = XCBuildConfiguration;
			buildSettings = {
				ASSETCATALOG_COMPILER_APPICON_NAME = AppIcon;
				ASSETCATALOG_COMPILER_GLOBAL_ACCENT_COLOR_NAME = AccentColor;
				CODE_SIGN_STYLE = Automatic;
				DEVELOPMENT_TEAM = DDP7PRWGWJ;
				INFOPLIST_FILE = "MVI-ios-test/Info.plist";
				LD_RUNPATH_SEARCH_PATHS = (
					"$(inherited)",
					"@executable_path/Frameworks",
				);
				PRODUCT_BUNDLE_IDENTIFIER = "quadcode.MVI-ios-test";
				PRODUCT_NAME = "$(TARGET_NAME)";
				SWIFT_VERSION = 5.0;
				TARGETED_DEVICE_FAMILY = "1,2";
			};
			name = Release;
		};
		6103B5AC26A304CF00CD6A50 /* Debug */ = {
			isa = XCBuildConfiguration;
			buildSettings = {
				ALWAYS_EMBED_SWIFT_STANDARD_LIBRARIES = YES;
				BUNDLE_LOADER = "$(TEST_HOST)";
				CODE_SIGN_STYLE = Automatic;
				DEVELOPMENT_TEAM = DDP7PRWGWJ;
				INFOPLIST_FILE = "MVI-ios-testTests/Info.plist";
				IPHONEOS_DEPLOYMENT_TARGET = 14.4;
				LD_RUNPATH_SEARCH_PATHS = (
					"$(inherited)",
					"@executable_path/Frameworks",
					"@loader_path/Frameworks",
				);
				PRODUCT_BUNDLE_IDENTIFIER = "quadcode.MVI-ios-testTests";
				PRODUCT_NAME = "$(TARGET_NAME)";
				SWIFT_VERSION = 5.0;
				TARGETED_DEVICE_FAMILY = "1,2";
				TEST_HOST = "$(BUILT_PRODUCTS_DIR)/MVI-ios-test.app/MVI-ios-test";
			};
			name = Debug;
		};
		6103B5AD26A304CF00CD6A50 /* Release */ = {
			isa = XCBuildConfiguration;
			buildSettings = {
				ALWAYS_EMBED_SWIFT_STANDARD_LIBRARIES = YES;
				BUNDLE_LOADER = "$(TEST_HOST)";
				CODE_SIGN_STYLE = Automatic;
				DEVELOPMENT_TEAM = DDP7PRWGWJ;
				INFOPLIST_FILE = "MVI-ios-testTests/Info.plist";
				IPHONEOS_DEPLOYMENT_TARGET = 14.4;
				LD_RUNPATH_SEARCH_PATHS = (
					"$(inherited)",
					"@executable_path/Frameworks",
					"@loader_path/Frameworks",
				);
				PRODUCT_BUNDLE_IDENTIFIER = "quadcode.MVI-ios-testTests";
				PRODUCT_NAME = "$(TARGET_NAME)";
				SWIFT_VERSION = 5.0;
				TARGETED_DEVICE_FAMILY = "1,2";
				TEST_HOST = "$(BUILT_PRODUCTS_DIR)/MVI-ios-test.app/MVI-ios-test";
			};
			name = Release;
		};
		6103B5AF26A304CF00CD6A50 /* Debug */ = {
			isa = XCBuildConfiguration;
			buildSettings = {
				ALWAYS_EMBED_SWIFT_STANDARD_LIBRARIES = YES;
				CODE_SIGN_STYLE = Automatic;
				DEVELOPMENT_TEAM = DDP7PRWGWJ;
				INFOPLIST_FILE = "MVI-ios-testUITests/Info.plist";
				LD_RUNPATH_SEARCH_PATHS = (
					"$(inherited)",
					"@executable_path/Frameworks",
					"@loader_path/Frameworks",
				);
				PRODUCT_BUNDLE_IDENTIFIER = "quadcode.MVI-ios-testUITests";
				PRODUCT_NAME = "$(TARGET_NAME)";
				SWIFT_VERSION = 5.0;
				TARGETED_DEVICE_FAMILY = "1,2";
				TEST_TARGET_NAME = "MVI-ios-test";
			};
			name = Debug;
		};
		6103B5B026A304CF00CD6A50 /* Release */ = {
			isa = XCBuildConfiguration;
			buildSettings = {
				ALWAYS_EMBED_SWIFT_STANDARD_LIBRARIES = YES;
				CODE_SIGN_STYLE = Automatic;
				DEVELOPMENT_TEAM = DDP7PRWGWJ;
				INFOPLIST_FILE = "MVI-ios-testUITests/Info.plist";
				LD_RUNPATH_SEARCH_PATHS = (
					"$(inherited)",
					"@executable_path/Frameworks",
					"@loader_path/Frameworks",
				);
				PRODUCT_BUNDLE_IDENTIFIER = "quadcode.MVI-ios-testUITests";
				PRODUCT_NAME = "$(TARGET_NAME)";
				SWIFT_VERSION = 5.0;
				TARGETED_DEVICE_FAMILY = "1,2";
				TEST_TARGET_NAME = "MVI-ios-test";
			};
			name = Release;
		};
/* End XCBuildConfiguration section */

/* Begin XCConfigurationList section */
		6103B57926A304CB00CD6A50 /* Build configuration list for PBXProject "MVI-ios-test" */ = {
			isa = XCConfigurationList;
			buildConfigurations = (
				6103B5A626A304CF00CD6A50 /* Debug */,
				6103B5A726A304CF00CD6A50 /* Release */,
			);
			defaultConfigurationIsVisible = 0;
			defaultConfigurationName = Release;
		};
		6103B5A826A304CF00CD6A50 /* Build configuration list for PBXNativeTarget "MVI-ios-test" */ = {
			isa = XCConfigurationList;
			buildConfigurations = (
				6103B5A926A304CF00CD6A50 /* Debug */,
				6103B5AA26A304CF00CD6A50 /* Release */,
			);
			defaultConfigurationIsVisible = 0;
			defaultConfigurationName = Release;
		};
		6103B5AB26A304CF00CD6A50 /* Build configuration list for PBXNativeTarget "MVI-ios-testTests" */ = {
			isa = XCConfigurationList;
			buildConfigurations = (
				6103B5AC26A304CF00CD6A50 /* Debug */,
				6103B5AD26A304CF00CD6A50 /* Release */,
			);
			defaultConfigurationIsVisible = 0;
			defaultConfigurationName = Release;
		};
		6103B5AE26A304CF00CD6A50 /* Build configuration list for PBXNativeTarget "MVI-ios-testUITests" */ = {
			isa = XCConfigurationList;
			buildConfigurations = (
				6103B5AF26A304CF00CD6A50 /* Debug */,
				6103B5B026A304CF00CD6A50 /* Release */,
			);
			defaultConfigurationIsVisible = 0;
			defaultConfigurationName = Release;
		};
/* End XCConfigurationList section */

/* Begin XCRemoteSwiftPackageReference section */
		619ECF2F26A6D72200D37B86 /* XCRemoteSwiftPackageReference "Moya" */ = {
			isa = XCRemoteSwiftPackageReference;
			repositoryURL = "https://github.com/Moya/Moya.git";
			requirement = {
				kind = upToNextMajorVersion;
				minimumVersion = 14.0.1;
			};
		};
/* End XCRemoteSwiftPackageReference section */

/* Begin XCSwiftPackageProductDependency section */
		619ECF3026A6D72200D37B86 /* Moya */ = {
			isa = XCSwiftPackageProductDependency;
			package = 619ECF2F26A6D72200D37B86 /* XCRemoteSwiftPackageReference "Moya" */;
			productName = Moya;
		};
/* End XCSwiftPackageProductDependency section */
	};
	rootObject = 6103B57626A304CB00CD6A50 /* Project object */;
}
