// !$*UTF8*$!
{
	archiveVersion = 1;
	classes = {
	};
	objectVersion = 51;
	objects = {

/* Begin PBXBuildFile section */
		003B9201E38815979A527B39 /* Pods_MVI_ios_test_MVI_ios_testUITests.framework in Frameworks */ = {isa = PBXBuildFile; fileRef = 431F569BBBFEC2F9D7AB0929 /* Pods_MVI_ios_test_MVI_ios_testUITests.framework */; };
		6103B58226A304CB00CD6A50 /* AppDelegate.swift in Sources */ = {isa = PBXBuildFile; fileRef = 6103B58126A304CB00CD6A50 /* AppDelegate.swift */; };
		6103B58626A304CB00CD6A50 /* RootVC.swift in Sources */ = {isa = PBXBuildFile; fileRef = 6103B58526A304CB00CD6A50 /* RootVC.swift */; };
		6103B58926A304CB00CD6A50 /* Root.storyboard in Resources */ = {isa = PBXBuildFile; fileRef = 6103B58726A304CB00CD6A50 /* Root.storyboard */; };
		6103B58B26A304CE00CD6A50 /* Assets.xcassets in Resources */ = {isa = PBXBuildFile; fileRef = 6103B58A26A304CE00CD6A50 /* Assets.xcassets */; };
		6103B58E26A304CE00CD6A50 /* LaunchScreen.storyboard in Resources */ = {isa = PBXBuildFile; fileRef = 6103B58C26A304CE00CD6A50 /* LaunchScreen.storyboard */; };
		6103B59926A304CF00CD6A50 /* MVI_ios_testTests.swift in Sources */ = {isa = PBXBuildFile; fileRef = 6103B59826A304CF00CD6A50 /* MVI_ios_testTests.swift */; };
		6103B5A426A304CF00CD6A50 /* MVI_ios_testUITests.swift in Sources */ = {isa = PBXBuildFile; fileRef = 6103B5A326A304CF00CD6A50 /* MVI_ios_testUITests.swift */; };
		6103B60926A31B0100CD6A50 /* Consumer.swift in Sources */ = {isa = PBXBuildFile; fileRef = 6103B60826A31B0100CD6A50 /* Consumer.swift */; };
		6103B61226A31C9000CD6A50 /* BaseFeature.swift in Sources */ = {isa = PBXBuildFile; fileRef = 6103B61126A31C9000CD6A50 /* BaseFeature.swift */; };
		6103B61F26A34DCA00CD6A50 /* Consumer+middleware.swift in Sources */ = {isa = PBXBuildFile; fileRef = 6103B61E26A34DCA00CD6A50 /* Consumer+middleware.swift */; };
		6103B62F26A35F2700CD6A50 /* Optional+let.swift in Sources */ = {isa = PBXBuildFile; fileRef = 6103B62E26A35F2700CD6A50 /* Optional+let.swift */; };
		6103B67326A44E6400CD6A50 /* Binder.swift in Sources */ = {isa = PBXBuildFile; fileRef = 6103B67226A44E6400CD6A50 /* Binder.swift */; };
		6103B67926A454E900CD6A50 /* Middleware.swift in Sources */ = {isa = PBXBuildFile; fileRef = 6103B67826A454E900CD6A50 /* Middleware.swift */; };
		6103B68126A457AA00CD6A50 /* Connection.swift in Sources */ = {isa = PBXBuildFile; fileRef = 6103B68026A457AA00CD6A50 /* Connection.swift */; };
		6103B68C26A564E200CD6A50 /* StandaloneMiddleware.swift in Sources */ = {isa = PBXBuildFile; fileRef = 6103B68B26A564E200CD6A50 /* StandaloneMiddleware.swift */; };
		6103B69226A56E9F00CD6A50 /* MiddlewareConfiguration.swift in Sources */ = {isa = PBXBuildFile; fileRef = 6103B69126A56E9F00CD6A50 /* MiddlewareConfiguration.swift */; };
		6103B69A26A56EB000CD6A50 /* WrappingCondition.swift in Sources */ = {isa = PBXBuildFile; fileRef = 6103B69926A56EB000CD6A50 /* WrappingCondition.swift */; };
		6106CC6126C414CD00643A6C /* PostCell.swift in Sources */ = {isa = PBXBuildFile; fileRef = 6106CC5F26C414CC00643A6C /* PostCell.swift */; };
		6106CC6226C414CD00643A6C /* PostCell.xib in Resources */ = {isa = PBXBuildFile; fileRef = 6106CC6026C414CD00643A6C /* PostCell.xib */; };
		6106CC6626C4157700643A6C /* Posts.storyboard in Resources */ = {isa = PBXBuildFile; fileRef = 6106CC6326C4157500643A6C /* Posts.storyboard */; };
		6106CC6726C4157700643A6C /* PostsVCModule.swift in Sources */ = {isa = PBXBuildFile; fileRef = 6106CC6426C4157600643A6C /* PostsVCModule.swift */; };
		6106CC6826C4157700643A6C /* PostsVC.swift in Sources */ = {isa = PBXBuildFile; fileRef = 6106CC6526C4157700643A6C /* PostsVC.swift */; };
		6106CC6A26C4178600643A6C /* Int+shortText.swift in Sources */ = {isa = PBXBuildFile; fileRef = 6106CC6926C4178600643A6C /* Int+shortText.swift */; };
		6106CC6E26C41C6500643A6C /* TVC.swift in Sources */ = {isa = PBXBuildFile; fileRef = 6106CC6D26C41C6500643A6C /* TVC.swift */; };
		6106CC7426C4247800643A6C /* SegmentedCell.xib in Resources */ = {isa = PBXBuildFile; fileRef = 6106CC7026C4247600643A6C /* SegmentedCell.xib */; };
		6106CC7526C4247800643A6C /* LoadingCell.swift in Sources */ = {isa = PBXBuildFile; fileRef = 6106CC7126C4247700643A6C /* LoadingCell.swift */; };
		6106CC7626C4247800643A6C /* SegmentedCell.swift in Sources */ = {isa = PBXBuildFile; fileRef = 6106CC7226C4247700643A6C /* SegmentedCell.swift */; };
		6106CC7726C4247800643A6C /* LoadingCell.xib in Resources */ = {isa = PBXBuildFile; fileRef = 6106CC7326C4247800643A6C /* LoadingCell.xib */; };
		6106CC7926C45C5F00643A6C /* RouterFeature.swift in Sources */ = {isa = PBXBuildFile; fileRef = 6106CC7826C45C5F00643A6C /* RouterFeature.swift */; };
		6106CC7B26C46C4F00643A6C /* MainTabs.storyboard in Resources */ = {isa = PBXBuildFile; fileRef = 6106CC7A26C46C4F00643A6C /* MainTabs.storyboard */; };
		6106CC7D26C46C5B00643A6C /* MainTabsVC.swift in Sources */ = {isa = PBXBuildFile; fileRef = 6106CC7C26C46C5B00643A6C /* MainTabsVC.swift */; };
		6106CC7F26C46D8200643A6C /* LogoutVC.swift in Sources */ = {isa = PBXBuildFile; fileRef = 6106CC7E26C46D8200643A6C /* LogoutVC.swift */; };
		61205CF526B93505007B93BE /* Router.swift in Sources */ = {isa = PBXBuildFile; fileRef = 61205CF426B93505007B93BE /* Router.swift */; };
		61205CFD26B935DB007B93BE /* AuthVC.swift in Sources */ = {isa = PBXBuildFile; fileRef = 61205CFC26B935DB007B93BE /* AuthVC.swift */; };
		61205D1526B93755007B93BE /* AuthVCModule.swift in Sources */ = {isa = PBXBuildFile; fileRef = 61205D1426B93755007B93BE /* AuthVCModule.swift */; };
		61205D3326B9397A007B93BE /* UIView+shake.swift in Sources */ = {isa = PBXBuildFile; fileRef = 61205D3226B9397A007B93BE /* UIView+shake.swift */; };
		61205D3826B939A6007B93BE /* UIStackView+Helper.swift in Sources */ = {isa = PBXBuildFile; fileRef = 61205D3726B939A6007B93BE /* UIStackView+Helper.swift */; };
		61734E3326FB4ACC00B15E07 /* SwiftExtensions.swift in Sources */ = {isa = PBXBuildFile; fileRef = 61734E3226FB4ACC00B15E07 /* SwiftExtensions.swift */; };
		617FB84426BB054600E51D11 /* UIViewController+child.swift in Sources */ = {isa = PBXBuildFile; fileRef = 617FB84326BB054600E51D11 /* UIViewController+child.swift */; };
		617FB84726BB070C00E51D11 /* Auth.storyboard in Resources */ = {isa = PBXBuildFile; fileRef = 617FB84626BB070C00E51D11 /* Auth.storyboard */; };
		617FB84C26BB0C3B00E51D11 /* GreenButton.swift in Sources */ = {isa = PBXBuildFile; fileRef = 617FB84A26BB0C3B00E51D11 /* GreenButton.swift */; };
		617FB84D26BB0C3B00E51D11 /* LeftIconButton.swift in Sources */ = {isa = PBXBuildFile; fileRef = 617FB84B26BB0C3B00E51D11 /* LeftIconButton.swift */; };
		617FB85326BBD03100E51D11 /* PostDTO.swift in Sources */ = {isa = PBXBuildFile; fileRef = 617FB85226BBD03100E51D11 /* PostDTO.swift */; };
		617FB85526BBD03F00E51D11 /* UserDTO.swift in Sources */ = {isa = PBXBuildFile; fileRef = 617FB85426BBD03F00E51D11 /* UserDTO.swift */; };
		617FB86B26BE8F1700E51D11 /* UIViewController+create.swift in Sources */ = {isa = PBXBuildFile; fileRef = 617FB86A26BE8F1700E51D11 /* UIViewController+create.swift */; };
		617FB86F26BE8F5000E51D11 /* NSObject+nameOfClass.swift in Sources */ = {isa = PBXBuildFile; fileRef = 617FB86E26BE8F5000E51D11 /* NSObject+nameOfClass.swift */; };
		617FB87226BEA49C00E51D11 /* ModelWatcher.swift in Sources */ = {isa = PBXBuildFile; fileRef = 617FB87126BEA49C00E51D11 /* ModelWatcher.swift */; };
		617FB87726BFC77600E51D11 /* State+ui.swift in Sources */ = {isa = PBXBuildFile; fileRef = 617FB87626BFC77600E51D11 /* State+ui.swift */; };
		617FB87C26BFC87E00E51D11 /* EntitiesState.swift in Sources */ = {isa = PBXBuildFile; fileRef = 617FB87926BFC87E00E51D11 /* EntitiesState.swift */; };
		617FB87D26BFC87E00E51D11 /* GeneralPostsState.swift in Sources */ = {isa = PBXBuildFile; fileRef = 617FB87A26BFC87E00E51D11 /* GeneralPostsState.swift */; };
		617FB87E26BFC87E00E51D11 /* Posts2StepState.swift in Sources */ = {isa = PBXBuildFile; fileRef = 617FB87B26BFC87E00E51D11 /* Posts2StepState.swift */; };
		617FB88126BFC9C700E51D11 /* ModelsContainerProtocol.swift in Sources */ = {isa = PBXBuildFile; fileRef = 617FB88026BFC9C700E51D11 /* ModelsContainerProtocol.swift */; };
		617FB88326BFCAB200E51D11 /* ModelsContainerFeature.swift in Sources */ = {isa = PBXBuildFile; fileRef = 617FB88226BFCAB200E51D11 /* ModelsContainerFeature.swift */; };
		617FB88626BFCE8900E51D11 /* UsersContainerFeature.swift in Sources */ = {isa = PBXBuildFile; fileRef = 617FB88526BFCE8900E51D11 /* UsersContainerFeature.swift */; };
		617FB88826BFCED400E51D11 /* ModelsContainerDI.swift in Sources */ = {isa = PBXBuildFile; fileRef = 617FB88726BFCED400E51D11 /* ModelsContainerDI.swift */; };
		617FB88B26BFD32000E51D11 /* PostsContainerFeature.swift in Sources */ = {isa = PBXBuildFile; fileRef = 617FB88A26BFD31F00E51D11 /* PostsContainerFeature.swift */; };
		617FB88D26BFD60700E51D11 /* EntittiesBaseFeature.swift in Sources */ = {isa = PBXBuildFile; fileRef = 617FB88C26BFD60700E51D11 /* EntittiesBaseFeature.swift */; };
		617FB88F26C01DB100E51D11 /* Post2StepFeature.swift in Sources */ = {isa = PBXBuildFile; fileRef = 617FB88E26C01DB100E51D11 /* Post2StepFeature.swift */; };
		617FB89126C027D700E51D11 /* GeneralPostsFeature.swift in Sources */ = {isa = PBXBuildFile; fileRef = 617FB89026C027D700E51D11 /* GeneralPostsFeature.swift */; };
		6199E35A26B5B21100FACDBD /* RxExtensions.swift in Sources */ = {isa = PBXBuildFile; fileRef = 6199E35926B5B21100FACDBD /* RxExtensions.swift */; };
		6199E36F26B698D000FACDBD /* NetworkDI.swift in Sources */ = {isa = PBXBuildFile; fileRef = 6199E36E26B698D000FACDBD /* NetworkDI.swift */; };
		6199E38F26B69E3C00FACDBD /* UI_DI.swift in Sources */ = {isa = PBXBuildFile; fileRef = 6199E37326B69C0600FACDBD /* UI_DI.swift */; };
		6199E39B26B6A0E800FACDBD /* PresenterBase.swift in Sources */ = {isa = PBXBuildFile; fileRef = 6199E39A26B6A0E800FACDBD /* PresenterBase.swift */; };
		6199E3BD26B6A29500FACDBD /* PropsReceiver.swift in Sources */ = {isa = PBXBuildFile; fileRef = 6199E3BC26B6A29500FACDBD /* PropsReceiver.swift */; };
		6199E3C226B7F63B00FACDBD /* RootVCModule.swift in Sources */ = {isa = PBXBuildFile; fileRef = 6199E3C126B7F63B00FACDBD /* RootVCModule.swift */; };
		619ECEED26A5BCD300D37B86 /* Middlewares.swift in Sources */ = {isa = PBXBuildFile; fileRef = 619ECEEC26A5BCD300D37B86 /* Middlewares.swift */; };
		619ECEF426A5BF6300D37B86 /* LogingMiddleware.swift in Sources */ = {isa = PBXBuildFile; fileRef = 619ECEF326A5BF6300D37B86 /* LogingMiddleware.swift */; };
		619ECF3A26A6D78600D37B86 /* Network.swift in Sources */ = {isa = PBXBuildFile; fileRef = 619ECF3626A6D78500D37B86 /* Network.swift */; };
		619ECF3B26A6D78600D37B86 /* MockServer.swift in Sources */ = {isa = PBXBuildFile; fileRef = 619ECF3726A6D78600D37B86 /* MockServer.swift */; };
		619ECF3C26A6D78600D37B86 /* Mapping.swift in Sources */ = {isa = PBXBuildFile; fileRef = 619ECF3826A6D78600D37B86 /* Mapping.swift */; };
		619ECF3D26A6D78600D37B86 /* API.swift in Sources */ = {isa = PBXBuildFile; fileRef = 619ECF3926A6D78600D37B86 /* API.swift */; };
		619ECF5426A6DDB100D37B86 /* UsersContainer.swift in Sources */ = {isa = PBXBuildFile; fileRef = 619ECF4F26A6DDB100D37B86 /* UsersContainer.swift */; };
		619ECF5626A6DDB100D37B86 /* PostsContainer.swift in Sources */ = {isa = PBXBuildFile; fileRef = 619ECF5126A6DDB100D37B86 /* PostsContainer.swift */; };
		619ECF5C26A6DFA000D37B86 /* Struct+safe.swift in Sources */ = {isa = PBXBuildFile; fileRef = 619ECF5B26A6DFA000D37B86 /* Struct+safe.swift */; };
		619ECF6626A6E20200D37B86 /* Session.swift in Sources */ = {isa = PBXBuildFile; fileRef = 619ECF6226A6E20200D37B86 /* Session.swift */; };
		619ECF6826A6E20200D37B86 /* SessionState.swift in Sources */ = {isa = PBXBuildFile; fileRef = 619ECF6426A6E20200D37B86 /* SessionState.swift */; };
		619ECF7326A6E24300D37B86 /* UserDefault.swift in Sources */ = {isa = PBXBuildFile; fileRef = 619ECF7226A6E24300D37B86 /* UserDefault.swift */; };
		619ECF7826A6E2A000D37B86 /* SessionFeature.swift in Sources */ = {isa = PBXBuildFile; fileRef = 619ECF7726A6E2A000D37B86 /* SessionFeature.swift */; };
		61AAAD5726F3770D0076ED38 /* LikingPostFeature.swift in Sources */ = {isa = PBXBuildFile; fileRef = 61AAAD5626F3770D0076ED38 /* LikingPostFeature.swift */; };
		61AAAD6026F48F9C0076ED38 /* UserState.swift in Sources */ = {isa = PBXBuildFile; fileRef = 61AAAD5F26F48F9C0076ED38 /* UserState.swift */; };
		61AAAD6226F4908D0076ED38 /* UserFeature.swift in Sources */ = {isa = PBXBuildFile; fileRef = 61AAAD6126F4908D0076ED38 /* UserFeature.swift */; };
		61AAAD6426F5DEFB0076ED38 /* UserVC.swift in Sources */ = {isa = PBXBuildFile; fileRef = 61AAAD6326F5DEFB0076ED38 /* UserVC.swift */; };
		61AAAD6626F5DF070076ED38 /* UserVCModule.swift in Sources */ = {isa = PBXBuildFile; fileRef = 61AAAD6526F5DF070076ED38 /* UserVCModule.swift */; };
		61AAAD6826F5E33D0076ED38 /* User.storyboard in Resources */ = {isa = PBXBuildFile; fileRef = 61AAAD6726F5E33D0076ED38 /* User.storyboard */; };
		61AAAD6C26F5F60D0076ED38 /* AFeature.swift in Sources */ = {isa = PBXBuildFile; fileRef = 61AAAD6B26F5F60D0076ED38 /* AFeature.swift */; };
		61AAAD6E26F5FC6A0076ED38 /* Easy.storyboard in Resources */ = {isa = PBXBuildFile; fileRef = 61AAAD6D26F5FC6A0076ED38 /* Easy.storyboard */; };
		61AAAD7626F71CCB0076ED38 /* UserFollowersTitleCell.swift in Sources */ = {isa = PBXBuildFile; fileRef = 61AAAD7126F71CCA0076ED38 /* UserFollowersTitleCell.swift */; };
		61AAAD7726F71CCB0076ED38 /* UserFollowersCell.swift in Sources */ = {isa = PBXBuildFile; fileRef = 61AAAD7226F71CCA0076ED38 /* UserFollowersCell.swift */; };
		61AAAD7826F71CCB0076ED38 /* UserFollowersFollowerCell.swift in Sources */ = {isa = PBXBuildFile; fileRef = 61AAAD7326F71CCB0076ED38 /* UserFollowersFollowerCell.swift */; };
		61AAAD7926F71CCB0076ED38 /* UserHeaderCell.swift in Sources */ = {isa = PBXBuildFile; fileRef = 61AAAD7426F71CCB0076ED38 /* UserHeaderCell.swift */; };
		61C6E45826B31267002D695B /* AuthState.swift in Sources */ = {isa = PBXBuildFile; fileRef = 61C6E45726B31267002D695B /* AuthState.swift */; };
		61C6E45D26B31320002D695B /* AuthFeature.swift in Sources */ = {isa = PBXBuildFile; fileRef = 61C6E45C26B31320002D695B /* AuthFeature.swift */; };
		61C6E46726B560E3002D695B /* AuthCredentialsValidator.swift in Sources */ = {isa = PBXBuildFile; fileRef = 61C6E46626B560E3002D695B /* AuthCredentialsValidator.swift */; };
		61C6E46F26B562B5002D695B /* ProfileDTO.swift in Sources */ = {isa = PBXBuildFile; fileRef = 61C6E46D26B562B5002D695B /* ProfileDTO.swift */; };
		61C6E47026B562B5002D695B /* CheckIdentifierAvailabilityDTO.swift in Sources */ = {isa = PBXBuildFile; fileRef = 61C6E46E26B562B5002D695B /* CheckIdentifierAvailabilityDTO.swift */; };
		61DD7ABA26CA9BE400B56313 /* UIView+inspectable.swift in Sources */ = {isa = PBXBuildFile; fileRef = 61DD7AB926CA9BE400B56313 /* UIView+inspectable.swift */; };
		61DD7AC126CABF0100B56313 /* post.repost.svg in Resources */ = {isa = PBXBuildFile; fileRef = 61DD7ABE26CABEFD00B56313 /* post.repost.svg */; };
		61DD7AC226CABF0100B56313 /* post.comment.svg in Resources */ = {isa = PBXBuildFile; fileRef = 61DD7ABF26CABEFE00B56313 /* post.comment.svg */; };
		61DD7AC326CABF0100B56313 /* post.like.svg in Resources */ = {isa = PBXBuildFile; fileRef = 61DD7AC026CABF0100B56313 /* post.like.svg */; };
		61DD7AC826CAC26500B56313 /* ParchmentState.swift in Sources */ = {isa = PBXBuildFile; fileRef = 61DD7AC726CAC26500B56313 /* ParchmentState.swift */; };
		61DD7ACA26CAC33E00B56313 /* ParchmentFeature.swift in Sources */ = {isa = PBXBuildFile; fileRef = 61DD7AC926CAC33E00B56313 /* ParchmentFeature.swift */; };
		9D435FC34022B21DF4CDA12A /* Pods_MVI_ios_testTests.framework in Frameworks */ = {isa = PBXBuildFile; fileRef = AB17D985DCA82C999DA09CD2 /* Pods_MVI_ios_testTests.framework */; };
		EF2F728BE465A3976630DFF2 /* Pods_MVI_ios_test.framework in Frameworks */ = {isa = PBXBuildFile; fileRef = 002C64E61AFDC68CC941D715 /* Pods_MVI_ios_test.framework */; };
/* End PBXBuildFile section */

/* Begin PBXContainerItemProxy section */
		6103B59526A304CF00CD6A50 /* PBXContainerItemProxy */ = {
			isa = PBXContainerItemProxy;
			containerPortal = 6103B57626A304CB00CD6A50 /* Project object */;
			proxyType = 1;
			remoteGlobalIDString = 6103B57D26A304CB00CD6A50;
			remoteInfo = "MVI-ios-test";
		};
		6103B5A026A304CF00CD6A50 /* PBXContainerItemProxy */ = {
			isa = PBXContainerItemProxy;
			containerPortal = 6103B57626A304CB00CD6A50 /* Project object */;
			proxyType = 1;
			remoteGlobalIDString = 6103B57D26A304CB00CD6A50;
			remoteInfo = "MVI-ios-test";
		};
/* End PBXContainerItemProxy section */

/* Begin PBXFileReference section */
		002C64E61AFDC68CC941D715 /* Pods_MVI_ios_test.framework */ = {isa = PBXFileReference; explicitFileType = wrapper.framework; includeInIndex = 0; path = Pods_MVI_ios_test.framework; sourceTree = BUILT_PRODUCTS_DIR; };
		2A32435FD0D4E157DC579ACE /* Pods-MVI-ios-test-MVI-ios-testUITests.debug.xcconfig */ = {isa = PBXFileReference; includeInIndex = 1; lastKnownFileType = text.xcconfig; name = "Pods-MVI-ios-test-MVI-ios-testUITests.debug.xcconfig"; path = "Target Support Files/Pods-MVI-ios-test-MVI-ios-testUITests/Pods-MVI-ios-test-MVI-ios-testUITests.debug.xcconfig"; sourceTree = "<group>"; };
		431F569BBBFEC2F9D7AB0929 /* Pods_MVI_ios_test_MVI_ios_testUITests.framework */ = {isa = PBXFileReference; explicitFileType = wrapper.framework; includeInIndex = 0; path = Pods_MVI_ios_test_MVI_ios_testUITests.framework; sourceTree = BUILT_PRODUCTS_DIR; };
		4F606C2D3B80E160B491C7E6 /* Pods-MVI-ios-testTests.debug.xcconfig */ = {isa = PBXFileReference; includeInIndex = 1; lastKnownFileType = text.xcconfig; name = "Pods-MVI-ios-testTests.debug.xcconfig"; path = "Target Support Files/Pods-MVI-ios-testTests/Pods-MVI-ios-testTests.debug.xcconfig"; sourceTree = "<group>"; };
		6103B57E26A304CB00CD6A50 /* MVI-ios-test.app */ = {isa = PBXFileReference; explicitFileType = wrapper.application; includeInIndex = 0; path = "MVI-ios-test.app"; sourceTree = BUILT_PRODUCTS_DIR; };
		6103B58126A304CB00CD6A50 /* AppDelegate.swift */ = {isa = PBXFileReference; lastKnownFileType = sourcecode.swift; path = AppDelegate.swift; sourceTree = "<group>"; };
		6103B58526A304CB00CD6A50 /* RootVC.swift */ = {isa = PBXFileReference; lastKnownFileType = sourcecode.swift; path = RootVC.swift; sourceTree = "<group>"; };
		6103B58826A304CB00CD6A50 /* Base */ = {isa = PBXFileReference; lastKnownFileType = file.storyboard; name = Base; path = Base.lproj/Root.storyboard; sourceTree = "<group>"; };
		6103B58A26A304CE00CD6A50 /* Assets.xcassets */ = {isa = PBXFileReference; lastKnownFileType = folder.assetcatalog; path = Assets.xcassets; sourceTree = "<group>"; };
		6103B58D26A304CE00CD6A50 /* Base */ = {isa = PBXFileReference; lastKnownFileType = file.storyboard; name = Base; path = Base.lproj/LaunchScreen.storyboard; sourceTree = "<group>"; };
		6103B58F26A304CE00CD6A50 /* Info.plist */ = {isa = PBXFileReference; lastKnownFileType = text.plist.xml; path = Info.plist; sourceTree = "<group>"; };
		6103B59426A304CF00CD6A50 /* MVI-ios-testTests.xctest */ = {isa = PBXFileReference; explicitFileType = wrapper.cfbundle; includeInIndex = 0; path = "MVI-ios-testTests.xctest"; sourceTree = BUILT_PRODUCTS_DIR; };
		6103B59826A304CF00CD6A50 /* MVI_ios_testTests.swift */ = {isa = PBXFileReference; lastKnownFileType = sourcecode.swift; path = MVI_ios_testTests.swift; sourceTree = "<group>"; };
		6103B59A26A304CF00CD6A50 /* Info.plist */ = {isa = PBXFileReference; lastKnownFileType = text.plist.xml; path = Info.plist; sourceTree = "<group>"; };
		6103B59F26A304CF00CD6A50 /* MVI-ios-testUITests.xctest */ = {isa = PBXFileReference; explicitFileType = wrapper.cfbundle; includeInIndex = 0; path = "MVI-ios-testUITests.xctest"; sourceTree = BUILT_PRODUCTS_DIR; };
		6103B5A326A304CF00CD6A50 /* MVI_ios_testUITests.swift */ = {isa = PBXFileReference; lastKnownFileType = sourcecode.swift; path = MVI_ios_testUITests.swift; sourceTree = "<group>"; };
		6103B5A526A304CF00CD6A50 /* Info.plist */ = {isa = PBXFileReference; lastKnownFileType = text.plist.xml; path = Info.plist; sourceTree = "<group>"; };
		6103B60826A31B0100CD6A50 /* Consumer.swift */ = {isa = PBXFileReference; lastKnownFileType = sourcecode.swift; path = Consumer.swift; sourceTree = "<group>"; };
		6103B61126A31C9000CD6A50 /* BaseFeature.swift */ = {isa = PBXFileReference; lastKnownFileType = sourcecode.swift; path = BaseFeature.swift; sourceTree = "<group>"; };
		6103B61E26A34DCA00CD6A50 /* Consumer+middleware.swift */ = {isa = PBXFileReference; lastKnownFileType = sourcecode.swift; path = "Consumer+middleware.swift"; sourceTree = "<group>"; };
		6103B62E26A35F2700CD6A50 /* Optional+let.swift */ = {isa = PBXFileReference; lastKnownFileType = sourcecode.swift; path = "Optional+let.swift"; sourceTree = "<group>"; };
		6103B67226A44E6400CD6A50 /* Binder.swift */ = {isa = PBXFileReference; lastKnownFileType = sourcecode.swift; path = Binder.swift; sourceTree = "<group>"; };
		6103B67826A454E900CD6A50 /* Middleware.swift */ = {isa = PBXFileReference; lastKnownFileType = sourcecode.swift; path = Middleware.swift; sourceTree = "<group>"; };
		6103B68026A457AA00CD6A50 /* Connection.swift */ = {isa = PBXFileReference; lastKnownFileType = sourcecode.swift; path = Connection.swift; sourceTree = "<group>"; };
		6103B68B26A564E200CD6A50 /* StandaloneMiddleware.swift */ = {isa = PBXFileReference; lastKnownFileType = sourcecode.swift; path = StandaloneMiddleware.swift; sourceTree = "<group>"; };
		6103B69126A56E9F00CD6A50 /* MiddlewareConfiguration.swift */ = {isa = PBXFileReference; lastKnownFileType = sourcecode.swift; path = MiddlewareConfiguration.swift; sourceTree = "<group>"; };
		6103B69926A56EB000CD6A50 /* WrappingCondition.swift */ = {isa = PBXFileReference; lastKnownFileType = sourcecode.swift; path = WrappingCondition.swift; sourceTree = "<group>"; };
		6106CC5F26C414CC00643A6C /* PostCell.swift */ = {isa = PBXFileReference; fileEncoding = 4; lastKnownFileType = sourcecode.swift; path = PostCell.swift; sourceTree = "<group>"; };
		6106CC6026C414CD00643A6C /* PostCell.xib */ = {isa = PBXFileReference; fileEncoding = 4; lastKnownFileType = file.xib; path = PostCell.xib; sourceTree = "<group>"; };
		6106CC6326C4157500643A6C /* Posts.storyboard */ = {isa = PBXFileReference; fileEncoding = 4; lastKnownFileType = file.storyboard; path = Posts.storyboard; sourceTree = "<group>"; };
		6106CC6426C4157600643A6C /* PostsVCModule.swift */ = {isa = PBXFileReference; fileEncoding = 4; lastKnownFileType = sourcecode.swift; path = PostsVCModule.swift; sourceTree = "<group>"; };
		6106CC6526C4157700643A6C /* PostsVC.swift */ = {isa = PBXFileReference; fileEncoding = 4; lastKnownFileType = sourcecode.swift; path = PostsVC.swift; sourceTree = "<group>"; };
		6106CC6926C4178600643A6C /* Int+shortText.swift */ = {isa = PBXFileReference; fileEncoding = 4; lastKnownFileType = sourcecode.swift; path = "Int+shortText.swift"; sourceTree = "<group>"; };
		6106CC6D26C41C6500643A6C /* TVC.swift */ = {isa = PBXFileReference; lastKnownFileType = sourcecode.swift; path = TVC.swift; sourceTree = "<group>"; };
		6106CC7026C4247600643A6C /* SegmentedCell.xib */ = {isa = PBXFileReference; fileEncoding = 4; lastKnownFileType = file.xib; path = SegmentedCell.xib; sourceTree = "<group>"; };
		6106CC7126C4247700643A6C /* LoadingCell.swift */ = {isa = PBXFileReference; fileEncoding = 4; lastKnownFileType = sourcecode.swift; path = LoadingCell.swift; sourceTree = "<group>"; };
		6106CC7226C4247700643A6C /* SegmentedCell.swift */ = {isa = PBXFileReference; fileEncoding = 4; lastKnownFileType = sourcecode.swift; path = SegmentedCell.swift; sourceTree = "<group>"; };
		6106CC7326C4247800643A6C /* LoadingCell.xib */ = {isa = PBXFileReference; fileEncoding = 4; lastKnownFileType = file.xib; path = LoadingCell.xib; sourceTree = "<group>"; };
		6106CC7826C45C5F00643A6C /* RouterFeature.swift */ = {isa = PBXFileReference; lastKnownFileType = sourcecode.swift; path = RouterFeature.swift; sourceTree = "<group>"; };
		6106CC7A26C46C4F00643A6C /* MainTabs.storyboard */ = {isa = PBXFileReference; lastKnownFileType = file.storyboard; path = MainTabs.storyboard; sourceTree = "<group>"; };
		6106CC7C26C46C5B00643A6C /* MainTabsVC.swift */ = {isa = PBXFileReference; lastKnownFileType = sourcecode.swift; path = MainTabsVC.swift; sourceTree = "<group>"; };
		6106CC7E26C46D8200643A6C /* LogoutVC.swift */ = {isa = PBXFileReference; lastKnownFileType = sourcecode.swift; path = LogoutVC.swift; sourceTree = "<group>"; };
		61205CF426B93505007B93BE /* Router.swift */ = {isa = PBXFileReference; lastKnownFileType = sourcecode.swift; path = Router.swift; sourceTree = "<group>"; };
		61205CFC26B935DB007B93BE /* AuthVC.swift */ = {isa = PBXFileReference; lastKnownFileType = sourcecode.swift; path = AuthVC.swift; sourceTree = "<group>"; };
		61205D1426B93755007B93BE /* AuthVCModule.swift */ = {isa = PBXFileReference; fileEncoding = 4; lastKnownFileType = sourcecode.swift; path = AuthVCModule.swift; sourceTree = "<group>"; };
		61205D3226B9397A007B93BE /* UIView+shake.swift */ = {isa = PBXFileReference; fileEncoding = 4; lastKnownFileType = sourcecode.swift; path = "UIView+shake.swift"; sourceTree = "<group>"; };
		61205D3726B939A6007B93BE /* UIStackView+Helper.swift */ = {isa = PBXFileReference; fileEncoding = 4; lastKnownFileType = sourcecode.swift; path = "UIStackView+Helper.swift"; sourceTree = "<group>"; };
		61734E3226FB4ACC00B15E07 /* SwiftExtensions.swift */ = {isa = PBXFileReference; lastKnownFileType = sourcecode.swift; path = SwiftExtensions.swift; sourceTree = "<group>"; };
		617FB84326BB054600E51D11 /* UIViewController+child.swift */ = {isa = PBXFileReference; lastKnownFileType = sourcecode.swift; path = "UIViewController+child.swift"; sourceTree = "<group>"; };
		617FB84626BB070C00E51D11 /* Auth.storyboard */ = {isa = PBXFileReference; fileEncoding = 4; lastKnownFileType = file.storyboard; path = Auth.storyboard; sourceTree = "<group>"; };
		617FB84A26BB0C3B00E51D11 /* GreenButton.swift */ = {isa = PBXFileReference; fileEncoding = 4; lastKnownFileType = sourcecode.swift; path = GreenButton.swift; sourceTree = "<group>"; };
		617FB84B26BB0C3B00E51D11 /* LeftIconButton.swift */ = {isa = PBXFileReference; fileEncoding = 4; lastKnownFileType = sourcecode.swift; path = LeftIconButton.swift; sourceTree = "<group>"; };
		617FB85226BBD03100E51D11 /* PostDTO.swift */ = {isa = PBXFileReference; fileEncoding = 4; lastKnownFileType = sourcecode.swift; path = PostDTO.swift; sourceTree = "<group>"; };
		617FB85426BBD03F00E51D11 /* UserDTO.swift */ = {isa = PBXFileReference; fileEncoding = 4; lastKnownFileType = sourcecode.swift; path = UserDTO.swift; sourceTree = "<group>"; };
		617FB86A26BE8F1700E51D11 /* UIViewController+create.swift */ = {isa = PBXFileReference; lastKnownFileType = sourcecode.swift; path = "UIViewController+create.swift"; sourceTree = "<group>"; };
		617FB86E26BE8F5000E51D11 /* NSObject+nameOfClass.swift */ = {isa = PBXFileReference; lastKnownFileType = sourcecode.swift; path = "NSObject+nameOfClass.swift"; sourceTree = "<group>"; };
		617FB87126BEA49C00E51D11 /* ModelWatcher.swift */ = {isa = PBXFileReference; lastKnownFileType = sourcecode.swift; path = ModelWatcher.swift; sourceTree = "<group>"; };
		617FB87626BFC77600E51D11 /* State+ui.swift */ = {isa = PBXFileReference; lastKnownFileType = sourcecode.swift; path = "State+ui.swift"; sourceTree = "<group>"; };
		617FB87926BFC87E00E51D11 /* EntitiesState.swift */ = {isa = PBXFileReference; fileEncoding = 4; lastKnownFileType = sourcecode.swift; path = EntitiesState.swift; sourceTree = "<group>"; };
		617FB87A26BFC87E00E51D11 /* GeneralPostsState.swift */ = {isa = PBXFileReference; fileEncoding = 4; lastKnownFileType = sourcecode.swift; path = GeneralPostsState.swift; sourceTree = "<group>"; };
		617FB87B26BFC87E00E51D11 /* Posts2StepState.swift */ = {isa = PBXFileReference; fileEncoding = 4; lastKnownFileType = sourcecode.swift; path = Posts2StepState.swift; sourceTree = "<group>"; };
		617FB88026BFC9C700E51D11 /* ModelsContainerProtocol.swift */ = {isa = PBXFileReference; lastKnownFileType = sourcecode.swift; path = ModelsContainerProtocol.swift; sourceTree = "<group>"; };
		617FB88226BFCAB200E51D11 /* ModelsContainerFeature.swift */ = {isa = PBXFileReference; lastKnownFileType = sourcecode.swift; path = ModelsContainerFeature.swift; sourceTree = "<group>"; };
		617FB88526BFCE8900E51D11 /* UsersContainerFeature.swift */ = {isa = PBXFileReference; lastKnownFileType = sourcecode.swift; path = UsersContainerFeature.swift; sourceTree = "<group>"; };
		617FB88726BFCED400E51D11 /* ModelsContainerDI.swift */ = {isa = PBXFileReference; lastKnownFileType = sourcecode.swift; path = ModelsContainerDI.swift; sourceTree = "<group>"; };
		617FB88A26BFD31F00E51D11 /* PostsContainerFeature.swift */ = {isa = PBXFileReference; lastKnownFileType = sourcecode.swift; path = PostsContainerFeature.swift; sourceTree = "<group>"; };
		617FB88C26BFD60700E51D11 /* EntittiesBaseFeature.swift */ = {isa = PBXFileReference; lastKnownFileType = sourcecode.swift; path = EntittiesBaseFeature.swift; sourceTree = "<group>"; };
		617FB88E26C01DB100E51D11 /* Post2StepFeature.swift */ = {isa = PBXFileReference; lastKnownFileType = sourcecode.swift; path = Post2StepFeature.swift; sourceTree = "<group>"; };
		617FB89026C027D700E51D11 /* GeneralPostsFeature.swift */ = {isa = PBXFileReference; lastKnownFileType = sourcecode.swift; path = GeneralPostsFeature.swift; sourceTree = "<group>"; };
		6199E33926B5A26100FACDBD /* Podfile */ = {isa = PBXFileReference; lastKnownFileType = text; path = Podfile; sourceTree = SOURCE_ROOT; xcLanguageSpecificationIdentifier = xcode.lang.ruby; };
		6199E35926B5B21100FACDBD /* RxExtensions.swift */ = {isa = PBXFileReference; lastKnownFileType = sourcecode.swift; path = RxExtensions.swift; sourceTree = "<group>"; };
		6199E36E26B698D000FACDBD /* NetworkDI.swift */ = {isa = PBXFileReference; fileEncoding = 4; lastKnownFileType = sourcecode.swift; path = NetworkDI.swift; sourceTree = "<group>"; };
		6199E37326B69C0600FACDBD /* UI_DI.swift */ = {isa = PBXFileReference; fileEncoding = 4; lastKnownFileType = sourcecode.swift; path = UI_DI.swift; sourceTree = "<group>"; };
		6199E39A26B6A0E800FACDBD /* PresenterBase.swift */ = {isa = PBXFileReference; lastKnownFileType = sourcecode.swift; path = PresenterBase.swift; sourceTree = "<group>"; };
		6199E3BC26B6A29500FACDBD /* PropsReceiver.swift */ = {isa = PBXFileReference; lastKnownFileType = sourcecode.swift; path = PropsReceiver.swift; sourceTree = "<group>"; };
		6199E3C126B7F63B00FACDBD /* RootVCModule.swift */ = {isa = PBXFileReference; lastKnownFileType = sourcecode.swift; path = RootVCModule.swift; sourceTree = "<group>"; };
		619ECEEC26A5BCD300D37B86 /* Middlewares.swift */ = {isa = PBXFileReference; lastKnownFileType = sourcecode.swift; path = Middlewares.swift; sourceTree = "<group>"; };
		619ECEF326A5BF6300D37B86 /* LogingMiddleware.swift */ = {isa = PBXFileReference; lastKnownFileType = sourcecode.swift; path = LogingMiddleware.swift; sourceTree = "<group>"; };
		619ECF3626A6D78500D37B86 /* Network.swift */ = {isa = PBXFileReference; fileEncoding = 4; lastKnownFileType = sourcecode.swift; path = Network.swift; sourceTree = "<group>"; };
		619ECF3726A6D78600D37B86 /* MockServer.swift */ = {isa = PBXFileReference; fileEncoding = 4; lastKnownFileType = sourcecode.swift; path = MockServer.swift; sourceTree = "<group>"; };
		619ECF3826A6D78600D37B86 /* Mapping.swift */ = {isa = PBXFileReference; fileEncoding = 4; lastKnownFileType = sourcecode.swift; path = Mapping.swift; sourceTree = "<group>"; };
		619ECF3926A6D78600D37B86 /* API.swift */ = {isa = PBXFileReference; fileEncoding = 4; lastKnownFileType = sourcecode.swift; path = API.swift; sourceTree = "<group>"; };
		619ECF4F26A6DDB100D37B86 /* UsersContainer.swift */ = {isa = PBXFileReference; fileEncoding = 4; lastKnownFileType = sourcecode.swift; path = UsersContainer.swift; sourceTree = "<group>"; };
		619ECF5126A6DDB100D37B86 /* PostsContainer.swift */ = {isa = PBXFileReference; fileEncoding = 4; lastKnownFileType = sourcecode.swift; path = PostsContainer.swift; sourceTree = "<group>"; };
		619ECF5B26A6DFA000D37B86 /* Struct+safe.swift */ = {isa = PBXFileReference; fileEncoding = 4; lastKnownFileType = sourcecode.swift; path = "Struct+safe.swift"; sourceTree = "<group>"; };
		619ECF6226A6E20200D37B86 /* Session.swift */ = {isa = PBXFileReference; fileEncoding = 4; lastKnownFileType = sourcecode.swift; path = Session.swift; sourceTree = "<group>"; };
		619ECF6426A6E20200D37B86 /* SessionState.swift */ = {isa = PBXFileReference; fileEncoding = 4; lastKnownFileType = sourcecode.swift; path = SessionState.swift; sourceTree = "<group>"; };
		619ECF7226A6E24300D37B86 /* UserDefault.swift */ = {isa = PBXFileReference; fileEncoding = 4; lastKnownFileType = sourcecode.swift; path = UserDefault.swift; sourceTree = "<group>"; };
		619ECF7726A6E2A000D37B86 /* SessionFeature.swift */ = {isa = PBXFileReference; lastKnownFileType = sourcecode.swift; path = SessionFeature.swift; sourceTree = "<group>"; };
		61AAAD5626F3770D0076ED38 /* LikingPostFeature.swift */ = {isa = PBXFileReference; lastKnownFileType = sourcecode.swift; path = LikingPostFeature.swift; sourceTree = "<group>"; };
		61AAAD5F26F48F9C0076ED38 /* UserState.swift */ = {isa = PBXFileReference; lastKnownFileType = sourcecode.swift; path = UserState.swift; sourceTree = "<group>"; };
		61AAAD6126F4908D0076ED38 /* UserFeature.swift */ = {isa = PBXFileReference; lastKnownFileType = sourcecode.swift; path = UserFeature.swift; sourceTree = "<group>"; };
		61AAAD6326F5DEFB0076ED38 /* UserVC.swift */ = {isa = PBXFileReference; lastKnownFileType = sourcecode.swift; path = UserVC.swift; sourceTree = "<group>"; };
		61AAAD6526F5DF070076ED38 /* UserVCModule.swift */ = {isa = PBXFileReference; lastKnownFileType = sourcecode.swift; path = UserVCModule.swift; sourceTree = "<group>"; };
		61AAAD6726F5E33D0076ED38 /* User.storyboard */ = {isa = PBXFileReference; lastKnownFileType = file.storyboard; path = User.storyboard; sourceTree = "<group>"; };
		61AAAD6B26F5F60D0076ED38 /* AFeature.swift */ = {isa = PBXFileReference; lastKnownFileType = sourcecode.swift; path = AFeature.swift; sourceTree = "<group>"; };
		61AAAD6D26F5FC6A0076ED38 /* Easy.storyboard */ = {isa = PBXFileReference; lastKnownFileType = file.storyboard; path = Easy.storyboard; sourceTree = "<group>"; };
		61AAAD7126F71CCA0076ED38 /* UserFollowersTitleCell.swift */ = {isa = PBXFileReference; fileEncoding = 4; lastKnownFileType = sourcecode.swift; path = UserFollowersTitleCell.swift; sourceTree = "<group>"; };
		61AAAD7226F71CCA0076ED38 /* UserFollowersCell.swift */ = {isa = PBXFileReference; fileEncoding = 4; lastKnownFileType = sourcecode.swift; path = UserFollowersCell.swift; sourceTree = "<group>"; };
		61AAAD7326F71CCB0076ED38 /* UserFollowersFollowerCell.swift */ = {isa = PBXFileReference; fileEncoding = 4; lastKnownFileType = sourcecode.swift; path = UserFollowersFollowerCell.swift; sourceTree = "<group>"; };
		61AAAD7426F71CCB0076ED38 /* UserHeaderCell.swift */ = {isa = PBXFileReference; fileEncoding = 4; lastKnownFileType = sourcecode.swift; path = UserHeaderCell.swift; sourceTree = "<group>"; };
		61C6E45726B31267002D695B /* AuthState.swift */ = {isa = PBXFileReference; lastKnownFileType = sourcecode.swift; path = AuthState.swift; sourceTree = "<group>"; };
		61C6E45C26B31320002D695B /* AuthFeature.swift */ = {isa = PBXFileReference; lastKnownFileType = sourcecode.swift; path = AuthFeature.swift; sourceTree = "<group>"; };
		61C6E46626B560E3002D695B /* AuthCredentialsValidator.swift */ = {isa = PBXFileReference; lastKnownFileType = sourcecode.swift; path = AuthCredentialsValidator.swift; sourceTree = "<group>"; };
		61C6E46D26B562B5002D695B /* ProfileDTO.swift */ = {isa = PBXFileReference; fileEncoding = 4; lastKnownFileType = sourcecode.swift; path = ProfileDTO.swift; sourceTree = "<group>"; };
		61C6E46E26B562B5002D695B /* CheckIdentifierAvailabilityDTO.swift */ = {isa = PBXFileReference; fileEncoding = 4; lastKnownFileType = sourcecode.swift; path = CheckIdentifierAvailabilityDTO.swift; sourceTree = "<group>"; };
		61DD7AB926CA9BE400B56313 /* UIView+inspectable.swift */ = {isa = PBXFileReference; fileEncoding = 4; lastKnownFileType = sourcecode.swift; path = "UIView+inspectable.swift"; sourceTree = "<group>"; };
		61DD7ABE26CABEFD00B56313 /* post.repost.svg */ = {isa = PBXFileReference; fileEncoding = 4; lastKnownFileType = text; path = post.repost.svg; sourceTree = "<group>"; };
		61DD7ABF26CABEFE00B56313 /* post.comment.svg */ = {isa = PBXFileReference; fileEncoding = 4; lastKnownFileType = text; path = post.comment.svg; sourceTree = "<group>"; };
		61DD7AC026CABF0100B56313 /* post.like.svg */ = {isa = PBXFileReference; fileEncoding = 4; lastKnownFileType = text; path = post.like.svg; sourceTree = "<group>"; };
		61DD7AC726CAC26500B56313 /* ParchmentState.swift */ = {isa = PBXFileReference; lastKnownFileType = sourcecode.swift; path = ParchmentState.swift; sourceTree = "<group>"; };
		61DD7AC926CAC33E00B56313 /* ParchmentFeature.swift */ = {isa = PBXFileReference; lastKnownFileType = sourcecode.swift; path = ParchmentFeature.swift; sourceTree = "<group>"; };
		6315C00F089176DEE383CA29 /* Pods-MVI-ios-testTests.release.xcconfig */ = {isa = PBXFileReference; includeInIndex = 1; lastKnownFileType = text.xcconfig; name = "Pods-MVI-ios-testTests.release.xcconfig"; path = "Target Support Files/Pods-MVI-ios-testTests/Pods-MVI-ios-testTests.release.xcconfig"; sourceTree = "<group>"; };
		9C70D843D907D04D4E30363E /* Pods-MVI-ios-test.debug.xcconfig */ = {isa = PBXFileReference; includeInIndex = 1; lastKnownFileType = text.xcconfig; name = "Pods-MVI-ios-test.debug.xcconfig"; path = "Target Support Files/Pods-MVI-ios-test/Pods-MVI-ios-test.debug.xcconfig"; sourceTree = "<group>"; };
		AB17D985DCA82C999DA09CD2 /* Pods_MVI_ios_testTests.framework */ = {isa = PBXFileReference; explicitFileType = wrapper.framework; includeInIndex = 0; path = Pods_MVI_ios_testTests.framework; sourceTree = BUILT_PRODUCTS_DIR; };
		DCC593FF540AB4A0F992957E /* Pods-MVI-ios-test.release.xcconfig */ = {isa = PBXFileReference; includeInIndex = 1; lastKnownFileType = text.xcconfig; name = "Pods-MVI-ios-test.release.xcconfig"; path = "Target Support Files/Pods-MVI-ios-test/Pods-MVI-ios-test.release.xcconfig"; sourceTree = "<group>"; };
		DDACCD7105D3CC83BB54E457 /* Pods-MVI-ios-test-MVI-ios-testUITests.release.xcconfig */ = {isa = PBXFileReference; includeInIndex = 1; lastKnownFileType = text.xcconfig; name = "Pods-MVI-ios-test-MVI-ios-testUITests.release.xcconfig"; path = "Target Support Files/Pods-MVI-ios-test-MVI-ios-testUITests/Pods-MVI-ios-test-MVI-ios-testUITests.release.xcconfig"; sourceTree = "<group>"; };
/* End PBXFileReference section */

/* Begin PBXFrameworksBuildPhase section */
		6103B57B26A304CB00CD6A50 /* Frameworks */ = {
			isa = PBXFrameworksBuildPhase;
			buildActionMask = 2147483647;
			files = (
				EF2F728BE465A3976630DFF2 /* Pods_MVI_ios_test.framework in Frameworks */,
			);
			runOnlyForDeploymentPostprocessing = 0;
		};
		6103B59126A304CF00CD6A50 /* Frameworks */ = {
			isa = PBXFrameworksBuildPhase;
			buildActionMask = 2147483647;
			files = (
				9D435FC34022B21DF4CDA12A /* Pods_MVI_ios_testTests.framework in Frameworks */,
			);
			runOnlyForDeploymentPostprocessing = 0;
		};
		6103B59C26A304CF00CD6A50 /* Frameworks */ = {
			isa = PBXFrameworksBuildPhase;
			buildActionMask = 2147483647;
			files = (
				003B9201E38815979A527B39 /* Pods_MVI_ios_test_MVI_ios_testUITests.framework in Frameworks */,
			);
			runOnlyForDeploymentPostprocessing = 0;
		};
/* End PBXFrameworksBuildPhase section */

/* Begin PBXGroup section */
		6103B57526A304CB00CD6A50 = {
			isa = PBXGroup;
			children = (
				6103B5B426A304DB00CD6A50 /* Mvi */,
				6103B58026A304CB00CD6A50 /* MVI-ios-test */,
				6103B59726A304CF00CD6A50 /* MVI-ios-testTests */,
				6103B5A226A304CF00CD6A50 /* MVI-ios-testUITests */,
				6103B57F26A304CB00CD6A50 /* Products */,
				D6C8CA5A97DCFCE467C3C78F /* Pods */,
				BDFF02BD9C59C053EEDA7E3B /* Frameworks */,
			);
			sourceTree = "<group>";
		};
		6103B57F26A304CB00CD6A50 /* Products */ = {
			isa = PBXGroup;
			children = (
				6103B57E26A304CB00CD6A50 /* MVI-ios-test.app */,
				6103B59426A304CF00CD6A50 /* MVI-ios-testTests.xctest */,
				6103B59F26A304CF00CD6A50 /* MVI-ios-testUITests.xctest */,
			);
			name = Products;
			sourceTree = "<group>";
		};
		6103B58026A304CB00CD6A50 /* MVI-ios-test */ = {
			isa = PBXGroup;
			children = (
				610CF74426B2B12B00712D12 /* ui */,
				619ECF5A26A6DF9500D37B86 /* utils */,
				619ECF4B26A6DDB100D37B86 /* State */,
				619ECF3526A6D77C00D37B86 /* network */,
				6103B58126A304CB00CD6A50 /* AppDelegate.swift */,
				6103B58A26A304CE00CD6A50 /* Assets.xcassets */,
				61DD7ABD26CABEF000B56313 /* svg */,
				6103B58C26A304CE00CD6A50 /* LaunchScreen.storyboard */,
				6103B58F26A304CE00CD6A50 /* Info.plist */,
				6199E33926B5A26100FACDBD /* Podfile */,
			);
			path = "MVI-ios-test";
			sourceTree = "<group>";
		};
		6103B59726A304CF00CD6A50 /* MVI-ios-testTests */ = {
			isa = PBXGroup;
			children = (
				6103B59826A304CF00CD6A50 /* MVI_ios_testTests.swift */,
				6103B59A26A304CF00CD6A50 /* Info.plist */,
			);
			path = "MVI-ios-testTests";
			sourceTree = "<group>";
		};
		6103B5A226A304CF00CD6A50 /* MVI-ios-testUITests */ = {
			isa = PBXGroup;
			children = (
				6103B5A326A304CF00CD6A50 /* MVI_ios_testUITests.swift */,
				6103B5A526A304CF00CD6A50 /* Info.plist */,
			);
			path = "MVI-ios-testUITests";
			sourceTree = "<group>";
		};
		6103B5B426A304DB00CD6A50 /* Mvi */ = {
			isa = PBXGroup;
			children = (
				6103B61C26A34DAD00CD6A50 /* binder */,
				6103B61026A31C8600CD6A50 /* feature */,
				6103B5FF26A31A6E00CD6A50 /* element */,
				6199E39926B6A0D400FACDBD /* presenter */,
			);
			path = Mvi;
			sourceTree = "<group>";
		};
		6103B5FF26A31A6E00CD6A50 /* element */ = {
			isa = PBXGroup;
			children = (
				6103B60826A31B0100CD6A50 /* Consumer.swift */,
				6103B62E26A35F2700CD6A50 /* Optional+let.swift */,
			);
			path = element;
			sourceTree = "<group>";
		};
		6103B61026A31C8600CD6A50 /* feature */ = {
			isa = PBXGroup;
			children = (
				6103B61126A31C9000CD6A50 /* BaseFeature.swift */,
			);
			path = feature;
			sourceTree = "<group>";
		};
		6103B61C26A34DAD00CD6A50 /* binder */ = {
			isa = PBXGroup;
			children = (
				6103B61D26A34DB300CD6A50 /* middleware */,
				6103B67226A44E6400CD6A50 /* Binder.swift */,
				6103B68026A457AA00CD6A50 /* Connection.swift */,
			);
			path = binder;
			sourceTree = "<group>";
		};
		6103B61D26A34DB300CD6A50 /* middleware */ = {
			isa = PBXGroup;
			children = (
				619ECEF226A5BF4F00D37B86 /* custom */,
				6103B69026A56E9600CD6A50 /* config */,
				6103B67726A454DA00CD6A50 /* base */,
				6103B61E26A34DCA00CD6A50 /* Consumer+middleware.swift */,
			);
			path = middleware;
			sourceTree = "<group>";
		};
		6103B67726A454DA00CD6A50 /* base */ = {
			isa = PBXGroup;
			children = (
				619ECEEC26A5BCD300D37B86 /* Middlewares.swift */,
				6103B67826A454E900CD6A50 /* Middleware.swift */,
				6103B68B26A564E200CD6A50 /* StandaloneMiddleware.swift */,
			);
			path = base;
			sourceTree = "<group>";
		};
		6103B69026A56E9600CD6A50 /* config */ = {
			isa = PBXGroup;
			children = (
				6103B69126A56E9F00CD6A50 /* MiddlewareConfiguration.swift */,
				6103B69926A56EB000CD6A50 /* WrappingCondition.swift */,
			);
			path = config;
			sourceTree = "<group>";
		};
		6106CC5E26C414B500643A6C /* cells */ = {
			isa = PBXGroup;
			children = (
				6106CC5F26C414CC00643A6C /* PostCell.swift */,
				6106CC6026C414CD00643A6C /* PostCell.xib */,
			);
			path = cells;
			sourceTree = "<group>";
		};
		6106CC6F26C4245F00643A6C /* cells */ = {
			isa = PBXGroup;
			children = (
				6106CC7126C4247700643A6C /* LoadingCell.swift */,
				6106CC7326C4247800643A6C /* LoadingCell.xib */,
				6106CC7226C4247700643A6C /* SegmentedCell.swift */,
				6106CC7026C4247600643A6C /* SegmentedCell.xib */,
			);
			path = cells;
			sourceTree = "<group>";
		};
		610CF74426B2B12B00712D12 /* ui */ = {
			isa = PBXGroup;
			children = (
				6199E37326B69C0600FACDBD /* UI_DI.swift */,
				61AAAD6926F5F5F20076ED38 /* veryEase */,
				617FB84826BB0C2700E51D11 /* common */,
				61205CF326B934F8007B93BE /* router */,
				617FB87326BFC63500E51D11 /* mainTabs */,
				61DD7AC526CAC22E00B56313 /* parchment */,
				61DD7AC426CAC14700B56313 /* feed */,
				6199E37B26B69C5300FACDBD /* root */,
				61C6E46B26B562A3002D695B /* auth */,
				617FB85026BBCFD300E51D11 /* user */,
				617FB85126BBCFEB00E51D11 /* posts */,
			);
			path = ui;
			sourceTree = "<group>";
		};
		61205CF326B934F8007B93BE /* router */ = {
			isa = PBXGroup;
			children = (
				61205CF426B93505007B93BE /* Router.swift */,
			);
			path = router;
			sourceTree = "<group>";
		};
		6173161726B59BA9007A04A3 /* feature */ = {
			isa = PBXGroup;
			children = (
				61C6E45726B31267002D695B /* AuthState.swift */,
				61C6E45C26B31320002D695B /* AuthFeature.swift */,
				61C6E46626B560E3002D695B /* AuthCredentialsValidator.swift */,
			);
			path = feature;
			sourceTree = "<group>";
		};
		617FB84526BB06B200E51D11 /* feature */ = {
			isa = PBXGroup;
			children = (
				619ECF6426A6E20200D37B86 /* SessionState.swift */,
				619ECF7726A6E2A000D37B86 /* SessionFeature.swift */,
				6106CC7826C45C5F00643A6C /* RouterFeature.swift */,
			);
			path = feature;
			sourceTree = "<group>";
		};
		617FB84826BB0C2700E51D11 /* common */ = {
			isa = PBXGroup;
			children = (
				6106CC6F26C4245F00643A6C /* cells */,
				617FB84926BB0C2F00E51D11 /* views */,
				617FB87626BFC77600E51D11 /* State+ui.swift */,
			);
			path = common;
			sourceTree = "<group>";
		};
		617FB84926BB0C2F00E51D11 /* views */ = {
			isa = PBXGroup;
			children = (
				617FB84A26BB0C3B00E51D11 /* GreenButton.swift */,
				617FB84B26BB0C3B00E51D11 /* LeftIconButton.swift */,
			);
			path = views;
			sourceTree = "<group>";
		};
		617FB85026BBCFD300E51D11 /* user */ = {
			isa = PBXGroup;
			children = (
				61AAAD5C26F48C020076ED38 /* feature */,
			);
			path = user;
			sourceTree = "<group>";
		};
		617FB85126BBCFEB00E51D11 /* posts */ = {
			isa = PBXGroup;
			children = (
				6106CC5E26C414B500643A6C /* cells */,
				617FB87426BFC66D00E51D11 /* feature */,
				6106CC6526C4157700643A6C /* PostsVC.swift */,
				6106CC6426C4157600643A6C /* PostsVCModule.swift */,
				6106CC6326C4157500643A6C /* Posts.storyboard */,
			);
			path = posts;
			sourceTree = "<group>";
		};
		617FB87026BEA48D00E51D11 /* modelWatcher */ = {
			isa = PBXGroup;
			children = (
				617FB87126BEA49C00E51D11 /* ModelWatcher.swift */,
			);
			path = modelWatcher;
			sourceTree = "<group>";
		};
		617FB87326BFC63500E51D11 /* mainTabs */ = {
			isa = PBXGroup;
			children = (
				6106CC7A26C46C4F00643A6C /* MainTabs.storyboard */,
				6106CC7C26C46C5B00643A6C /* MainTabsVC.swift */,
				6106CC7E26C46D8200643A6C /* LogoutVC.swift */,
			);
			path = mainTabs;
			sourceTree = "<group>";
		};
		617FB87426BFC66D00E51D11 /* feature */ = {
			isa = PBXGroup;
			children = (
				617FB87526BFC67C00E51D11 /* dto */,
				617FB87826BFC87000E51D11 /* state */,
			);
			path = feature;
			sourceTree = "<group>";
		};
		617FB87526BFC67C00E51D11 /* dto */ = {
			isa = PBXGroup;
			children = (
				617FB85226BBD03100E51D11 /* PostDTO.swift */,
			);
			path = dto;
			sourceTree = "<group>";
		};
		617FB87826BFC87000E51D11 /* state */ = {
			isa = PBXGroup;
			children = (
				617FB87926BFC87E00E51D11 /* EntitiesState.swift */,
				617FB88C26BFD60700E51D11 /* EntittiesBaseFeature.swift */,
				617FB87A26BFC87E00E51D11 /* GeneralPostsState.swift */,
				617FB89026C027D700E51D11 /* GeneralPostsFeature.swift */,
				617FB87B26BFC87E00E51D11 /* Posts2StepState.swift */,
				617FB88E26C01DB100E51D11 /* Post2StepFeature.swift */,
			);
			path = state;
			sourceTree = "<group>";
		};
		617FB87F26BFC97800E51D11 /* modelsContainer */ = {
			isa = PBXGroup;
			children = (
				617FB88026BFC9C700E51D11 /* ModelsContainerProtocol.swift */,
				617FB88226BFCAB200E51D11 /* ModelsContainerFeature.swift */,
				617FB88726BFCED400E51D11 /* ModelsContainerDI.swift */,
				617FB88926BFCF2F00E51D11 /* users */,
				617FB88426BFCE1D00E51D11 /* posts */,
			);
			path = modelsContainer;
			sourceTree = "<group>";
		};
		617FB88426BFCE1D00E51D11 /* posts */ = {
			isa = PBXGroup;
			children = (
				619ECF5126A6DDB100D37B86 /* PostsContainer.swift */,
				617FB88A26BFD31F00E51D11 /* PostsContainerFeature.swift */,
				61AAAD5626F3770D0076ED38 /* LikingPostFeature.swift */,
			);
			path = posts;
			sourceTree = "<group>";
		};
		617FB88926BFCF2F00E51D11 /* users */ = {
			isa = PBXGroup;
			children = (
				619ECF4F26A6DDB100D37B86 /* UsersContainer.swift */,
				617FB88526BFCE8900E51D11 /* UsersContainerFeature.swift */,
			);
			path = users;
			sourceTree = "<group>";
		};
		6199E37B26B69C5300FACDBD /* root */ = {
			isa = PBXGroup;
			children = (
				617FB84526BB06B200E51D11 /* feature */,
				6103B58526A304CB00CD6A50 /* RootVC.swift */,
				6199E3C126B7F63B00FACDBD /* RootVCModule.swift */,
				6103B58726A304CB00CD6A50 /* Root.storyboard */,
			);
			path = root;
			sourceTree = "<group>";
		};
		6199E39926B6A0D400FACDBD /* presenter */ = {
			isa = PBXGroup;
			children = (
				6199E39A26B6A0E800FACDBD /* PresenterBase.swift */,
				6199E3BC26B6A29500FACDBD /* PropsReceiver.swift */,
				6106CC6D26C41C6500643A6C /* TVC.swift */,
				617FB87026BEA48D00E51D11 /* modelWatcher */,
			);
			path = presenter;
			sourceTree = "<group>";
		};
		619ECEF226A5BF4F00D37B86 /* custom */ = {
			isa = PBXGroup;
			children = (
				619ECEF326A5BF6300D37B86 /* LogingMiddleware.swift */,
			);
			path = custom;
			sourceTree = "<group>";
		};
		619ECF3526A6D77C00D37B86 /* network */ = {
			isa = PBXGroup;
			children = (
				619ECF6026A6E20200D37B86 /* session */,
				619ECF3926A6D78600D37B86 /* API.swift */,
				619ECF3826A6D78600D37B86 /* Mapping.swift */,
				619ECF3726A6D78600D37B86 /* MockServer.swift */,
				619ECF3626A6D78500D37B86 /* Network.swift */,
				6199E36E26B698D000FACDBD /* NetworkDI.swift */,
			);
			path = network;
			sourceTree = "<group>";
		};
		619ECF4B26A6DDB100D37B86 /* State */ = {
			isa = PBXGroup;
			children = (
				617FB87F26BFC97800E51D11 /* modelsContainer */,
			);
			path = State;
			sourceTree = "<group>";
		};
		619ECF5A26A6DF9500D37B86 /* utils */ = {
			isa = PBXGroup;
			children = (
				619ECF5B26A6DFA000D37B86 /* Struct+safe.swift */,
				619ECF7226A6E24300D37B86 /* UserDefault.swift */,
				6199E35926B5B21100FACDBD /* RxExtensions.swift */,
				61205D3226B9397A007B93BE /* UIView+shake.swift */,
				61205D3726B939A6007B93BE /* UIStackView+Helper.swift */,
				617FB84326BB054600E51D11 /* UIViewController+child.swift */,
				617FB86A26BE8F1700E51D11 /* UIViewController+create.swift */,
				617FB86E26BE8F5000E51D11 /* NSObject+nameOfClass.swift */,
				6106CC6926C4178600643A6C /* Int+shortText.swift */,
				61DD7AB926CA9BE400B56313 /* UIView+inspectable.swift */,
				61734E3226FB4ACC00B15E07 /* SwiftExtensions.swift */,
			);
			path = utils;
			sourceTree = "<group>";
		};
		619ECF6026A6E20200D37B86 /* session */ = {
			isa = PBXGroup;
			children = (
				619ECF6226A6E20200D37B86 /* Session.swift */,
				61C6E47426B56311002D695B /* dto */,
			);
			path = session;
			sourceTree = "<group>";
		};
		61AAAD5C26F48C020076ED38 /* feature */ = {
			isa = PBXGroup;
			children = (
				61AAAD6F26F71CBC0076ED38 /* cells */,
				61AAAD5D26F48C0D0076ED38 /* dto */,
				61AAAD5E26F48C150076ED38 /* state */,
				61AAAD6326F5DEFB0076ED38 /* UserVC.swift */,
				61AAAD6526F5DF070076ED38 /* UserVCModule.swift */,
				61AAAD6726F5E33D0076ED38 /* User.storyboard */,
			);
			path = feature;
			sourceTree = "<group>";
		};
		61AAAD5D26F48C0D0076ED38 /* dto */ = {
			isa = PBXGroup;
			children = (
				617FB85426BBD03F00E51D11 /* UserDTO.swift */,
			);
			path = dto;
			sourceTree = "<group>";
		};
		61AAAD5E26F48C150076ED38 /* state */ = {
			isa = PBXGroup;
			children = (
				61AAAD5F26F48F9C0076ED38 /* UserState.swift */,
				61AAAD6126F4908D0076ED38 /* UserFeature.swift */,
			);
			path = state;
			sourceTree = "<group>";
		};
		61AAAD6926F5F5F20076ED38 /* veryEase */ = {
			isa = PBXGroup;
			children = (
				61AAAD6A26F5F6010076ED38 /* A */,
			);
			path = veryEase;
			sourceTree = "<group>";
		};
		61AAAD6A26F5F6010076ED38 /* A */ = {
			isa = PBXGroup;
			children = (
				61AAAD6B26F5F60D0076ED38 /* AFeature.swift */,
				61AAAD6D26F5FC6A0076ED38 /* Easy.storyboard */,
			);
			path = A;
			sourceTree = "<group>";
		};
		61AAAD6F26F71CBC0076ED38 /* cells */ = {
			isa = PBXGroup;
			children = (
				61AAAD7426F71CCB0076ED38 /* UserHeaderCell.swift */,
				61AAAD7126F71CCA0076ED38 /* UserFollowersTitleCell.swift */,
				61AAAD7226F71CCA0076ED38 /* UserFollowersCell.swift */,
				61AAAD7326F71CCB0076ED38 /* UserFollowersFollowerCell.swift */,
			);
			path = cells;
			sourceTree = "<group>";
		};
		61C6E46B26B562A3002D695B /* auth */ = {
			isa = PBXGroup;
			children = (
				6173161726B59BA9007A04A3 /* feature */,
				61C6E46C26B562AC002D695B /* dto */,
				61205CFC26B935DB007B93BE /* AuthVC.swift */,
				61205D1426B93755007B93BE /* AuthVCModule.swift */,
				617FB84626BB070C00E51D11 /* Auth.storyboard */,
			);
			path = auth;
			sourceTree = "<group>";
		};
		61C6E46C26B562AC002D695B /* dto */ = {
			isa = PBXGroup;
			children = (
				61C6E46E26B562B5002D695B /* CheckIdentifierAvailabilityDTO.swift */,
			);
			path = dto;
			sourceTree = "<group>";
		};
		61C6E47426B56311002D695B /* dto */ = {
			isa = PBXGroup;
			children = (
				61C6E46D26B562B5002D695B /* ProfileDTO.swift */,
			);
			path = dto;
			sourceTree = "<group>";
		};
		61DD7ABD26CABEF000B56313 /* svg */ = {
			isa = PBXGroup;
			children = (
				61DD7ABF26CABEFE00B56313 /* post.comment.svg */,
				61DD7AC026CABF0100B56313 /* post.like.svg */,
				61DD7ABE26CABEFD00B56313 /* post.repost.svg */,
			);
			path = svg;
			sourceTree = "<group>";
		};
		61DD7AC426CAC14700B56313 /* feed */ = {
			isa = PBXGroup;
			children = (
			);
			path = feed;
			sourceTree = "<group>";
		};
		61DD7AC526CAC22E00B56313 /* parchment */ = {
			isa = PBXGroup;
			children = (
				61DD7AC626CAC25800B56313 /* feature */,
			);
			path = parchment;
			sourceTree = "<group>";
		};
		61DD7AC626CAC25800B56313 /* feature */ = {
			isa = PBXGroup;
			children = (
				61DD7AC726CAC26500B56313 /* ParchmentState.swift */,
				61DD7AC926CAC33E00B56313 /* ParchmentFeature.swift */,
			);
			path = feature;
			sourceTree = "<group>";
		};
		BDFF02BD9C59C053EEDA7E3B /* Frameworks */ = {
			isa = PBXGroup;
			children = (
				002C64E61AFDC68CC941D715 /* Pods_MVI_ios_test.framework */,
				431F569BBBFEC2F9D7AB0929 /* Pods_MVI_ios_test_MVI_ios_testUITests.framework */,
				AB17D985DCA82C999DA09CD2 /* Pods_MVI_ios_testTests.framework */,
			);
			name = Frameworks;
			sourceTree = "<group>";
		};
		D6C8CA5A97DCFCE467C3C78F /* Pods */ = {
			isa = PBXGroup;
			children = (
				9C70D843D907D04D4E30363E /* Pods-MVI-ios-test.debug.xcconfig */,
				DCC593FF540AB4A0F992957E /* Pods-MVI-ios-test.release.xcconfig */,
				2A32435FD0D4E157DC579ACE /* Pods-MVI-ios-test-MVI-ios-testUITests.debug.xcconfig */,
				DDACCD7105D3CC83BB54E457 /* Pods-MVI-ios-test-MVI-ios-testUITests.release.xcconfig */,
				4F606C2D3B80E160B491C7E6 /* Pods-MVI-ios-testTests.debug.xcconfig */,
				6315C00F089176DEE383CA29 /* Pods-MVI-ios-testTests.release.xcconfig */,
			);
			path = Pods;
			sourceTree = "<group>";
		};
/* End PBXGroup section */

/* Begin PBXNativeTarget section */
		6103B57D26A304CB00CD6A50 /* MVI-ios-test */ = {
			isa = PBXNativeTarget;
			buildConfigurationList = 6103B5A826A304CF00CD6A50 /* Build configuration list for PBXNativeTarget "MVI-ios-test" */;
			buildPhases = (
				80FEDCBC9E56CD5A62EFF91A /* [CP] Check Pods Manifest.lock */,
				6103B57A26A304CB00CD6A50 /* Sources */,
				6103B57B26A304CB00CD6A50 /* Frameworks */,
				6103B57C26A304CB00CD6A50 /* Resources */,
				37EC68729E10E3D5B5C0F4E7 /* [CP] Embed Pods Frameworks */,
			);
			buildRules = (
			);
			dependencies = (
			);
			name = "MVI-ios-test";
			productName = "MVI-ios-test";
			productReference = 6103B57E26A304CB00CD6A50 /* MVI-ios-test.app */;
			productType = "com.apple.product-type.application";
		};
		6103B59326A304CF00CD6A50 /* MVI-ios-testTests */ = {
			isa = PBXNativeTarget;
			buildConfigurationList = 6103B5AB26A304CF00CD6A50 /* Build configuration list for PBXNativeTarget "MVI-ios-testTests" */;
			buildPhases = (
				5A1F5BC99732C3DB45EC1B75 /* [CP] Check Pods Manifest.lock */,
				6103B59026A304CF00CD6A50 /* Sources */,
				6103B59126A304CF00CD6A50 /* Frameworks */,
				6103B59226A304CF00CD6A50 /* Resources */,
			);
			buildRules = (
			);
			dependencies = (
				6103B59626A304CF00CD6A50 /* PBXTargetDependency */,
			);
			name = "MVI-ios-testTests";
			productName = "MVI-ios-testTests";
			productReference = 6103B59426A304CF00CD6A50 /* MVI-ios-testTests.xctest */;
			productType = "com.apple.product-type.bundle.unit-test";
		};
		6103B59E26A304CF00CD6A50 /* MVI-ios-testUITests */ = {
			isa = PBXNativeTarget;
			buildConfigurationList = 6103B5AE26A304CF00CD6A50 /* Build configuration list for PBXNativeTarget "MVI-ios-testUITests" */;
			buildPhases = (
				5B50DD85BE30720C87BBDFED /* [CP] Check Pods Manifest.lock */,
				6103B59B26A304CF00CD6A50 /* Sources */,
				6103B59C26A304CF00CD6A50 /* Frameworks */,
				6103B59D26A304CF00CD6A50 /* Resources */,
				D4E740ED9114813C200DFA0E /* [CP] Embed Pods Frameworks */,
			);
			buildRules = (
			);
			dependencies = (
				6103B5A126A304CF00CD6A50 /* PBXTargetDependency */,
			);
			name = "MVI-ios-testUITests";
			productName = "MVI-ios-testUITests";
			productReference = 6103B59F26A304CF00CD6A50 /* MVI-ios-testUITests.xctest */;
			productType = "com.apple.product-type.bundle.ui-testing";
		};
/* End PBXNativeTarget section */

/* Begin PBXProject section */
		6103B57626A304CB00CD6A50 /* Project object */ = {
			isa = PBXProject;
			attributes = {
				LastSwiftUpdateCheck = 1240;
				LastUpgradeCheck = 1240;
				TargetAttributes = {
					6103B57D26A304CB00CD6A50 = {
						CreatedOnToolsVersion = 12.4;
					};
					6103B59326A304CF00CD6A50 = {
						CreatedOnToolsVersion = 12.4;
						TestTargetID = 6103B57D26A304CB00CD6A50;
					};
					6103B59E26A304CF00CD6A50 = {
						CreatedOnToolsVersion = 12.4;
						TestTargetID = 6103B57D26A304CB00CD6A50;
					};
				};
			};
			buildConfigurationList = 6103B57926A304CB00CD6A50 /* Build configuration list for PBXProject "MVI-ios-test" */;
			compatibilityVersion = "Xcode 9.3";
			developmentRegion = en;
			hasScannedForEncodings = 0;
			knownRegions = (
				en,
				Base,
			);
			mainGroup = 6103B57526A304CB00CD6A50;
			productRefGroup = 6103B57F26A304CB00CD6A50 /* Products */;
			projectDirPath = "";
			projectRoot = "";
			targets = (
				6103B57D26A304CB00CD6A50 /* MVI-ios-test */,
				6103B59326A304CF00CD6A50 /* MVI-ios-testTests */,
				6103B59E26A304CF00CD6A50 /* MVI-ios-testUITests */,
			);
		};
/* End PBXProject section */

/* Begin PBXResourcesBuildPhase section */
		6103B57C26A304CB00CD6A50 /* Resources */ = {
			isa = PBXResourcesBuildPhase;
			buildActionMask = 2147483647;
			files = (
				6106CC6626C4157700643A6C /* Posts.storyboard in Resources */,
				6106CC7B26C46C4F00643A6C /* MainTabs.storyboard in Resources */,
				61DD7AC126CABF0100B56313 /* post.repost.svg in Resources */,
				617FB84726BB070C00E51D11 /* Auth.storyboard in Resources */,
				6103B58E26A304CE00CD6A50 /* LaunchScreen.storyboard in Resources */,
				61DD7AC226CABF0100B56313 /* post.comment.svg in Resources */,
				6106CC6226C414CD00643A6C /* PostCell.xib in Resources */,
				6106CC7426C4247800643A6C /* SegmentedCell.xib in Resources */,
				61DD7AC326CABF0100B56313 /* post.like.svg in Resources */,
				6103B58B26A304CE00CD6A50 /* Assets.xcassets in Resources */,
				61AAAD6E26F5FC6A0076ED38 /* Easy.storyboard in Resources */,
				6106CC7726C4247800643A6C /* LoadingCell.xib in Resources */,
				61AAAD6826F5E33D0076ED38 /* User.storyboard in Resources */,
				6103B58926A304CB00CD6A50 /* Root.storyboard in Resources */,
			);
			runOnlyForDeploymentPostprocessing = 0;
		};
		6103B59226A304CF00CD6A50 /* Resources */ = {
			isa = PBXResourcesBuildPhase;
			buildActionMask = 2147483647;
			files = (
			);
			runOnlyForDeploymentPostprocessing = 0;
		};
		6103B59D26A304CF00CD6A50 /* Resources */ = {
			isa = PBXResourcesBuildPhase;
			buildActionMask = 2147483647;
			files = (
			);
			runOnlyForDeploymentPostprocessing = 0;
		};
/* End PBXResourcesBuildPhase section */

/* Begin PBXShellScriptBuildPhase section */
		37EC68729E10E3D5B5C0F4E7 /* [CP] Embed Pods Frameworks */ = {
			isa = PBXShellScriptBuildPhase;
			buildActionMask = 2147483647;
			files = (
			);
			inputFileListPaths = (
				"${PODS_ROOT}/Target Support Files/Pods-MVI-ios-test/Pods-MVI-ios-test-frameworks-${CONFIGURATION}-input-files.xcfilelist",
			);
			name = "[CP] Embed Pods Frameworks";
			outputFileListPaths = (
				"${PODS_ROOT}/Target Support Files/Pods-MVI-ios-test/Pods-MVI-ios-test-frameworks-${CONFIGURATION}-output-files.xcfilelist",
			);
			runOnlyForDeploymentPostprocessing = 0;
			shellPath = /bin/sh;
			shellScript = "\"${PODS_ROOT}/Target Support Files/Pods-MVI-ios-test/Pods-MVI-ios-test-frameworks.sh\"\n";
			showEnvVarsInLog = 0;
		};
		5A1F5BC99732C3DB45EC1B75 /* [CP] Check Pods Manifest.lock */ = {
			isa = PBXShellScriptBuildPhase;
			buildActionMask = 2147483647;
			files = (
			);
			inputFileListPaths = (
			);
			inputPaths = (
				"${PODS_PODFILE_DIR_PATH}/Podfile.lock",
				"${PODS_ROOT}/Manifest.lock",
			);
			name = "[CP] Check Pods Manifest.lock";
			outputFileListPaths = (
			);
			outputPaths = (
				"$(DERIVED_FILE_DIR)/Pods-MVI-ios-testTests-checkManifestLockResult.txt",
			);
			runOnlyForDeploymentPostprocessing = 0;
			shellPath = /bin/sh;
			shellScript = "diff \"${PODS_PODFILE_DIR_PATH}/Podfile.lock\" \"${PODS_ROOT}/Manifest.lock\" > /dev/null\nif [ $? != 0 ] ; then\n    # print error to STDERR\n    echo \"error: The sandbox is not in sync with the Podfile.lock. Run 'pod install' or update your CocoaPods installation.\" >&2\n    exit 1\nfi\n# This output is used by Xcode 'outputs' to avoid re-running this script phase.\necho \"SUCCESS\" > \"${SCRIPT_OUTPUT_FILE_0}\"\n";
			showEnvVarsInLog = 0;
		};
		5B50DD85BE30720C87BBDFED /* [CP] Check Pods Manifest.lock */ = {
			isa = PBXShellScriptBuildPhase;
			buildActionMask = 2147483647;
			files = (
			);
			inputFileListPaths = (
			);
			inputPaths = (
				"${PODS_PODFILE_DIR_PATH}/Podfile.lock",
				"${PODS_ROOT}/Manifest.lock",
			);
			name = "[CP] Check Pods Manifest.lock";
			outputFileListPaths = (
			);
			outputPaths = (
				"$(DERIVED_FILE_DIR)/Pods-MVI-ios-test-MVI-ios-testUITests-checkManifestLockResult.txt",
			);
			runOnlyForDeploymentPostprocessing = 0;
			shellPath = /bin/sh;
			shellScript = "diff \"${PODS_PODFILE_DIR_PATH}/Podfile.lock\" \"${PODS_ROOT}/Manifest.lock\" > /dev/null\nif [ $? != 0 ] ; then\n    # print error to STDERR\n    echo \"error: The sandbox is not in sync with the Podfile.lock. Run 'pod install' or update your CocoaPods installation.\" >&2\n    exit 1\nfi\n# This output is used by Xcode 'outputs' to avoid re-running this script phase.\necho \"SUCCESS\" > \"${SCRIPT_OUTPUT_FILE_0}\"\n";
			showEnvVarsInLog = 0;
		};
		80FEDCBC9E56CD5A62EFF91A /* [CP] Check Pods Manifest.lock */ = {
			isa = PBXShellScriptBuildPhase;
			buildActionMask = 2147483647;
			files = (
			);
			inputFileListPaths = (
			);
			inputPaths = (
				"${PODS_PODFILE_DIR_PATH}/Podfile.lock",
				"${PODS_ROOT}/Manifest.lock",
			);
			name = "[CP] Check Pods Manifest.lock";
			outputFileListPaths = (
			);
			outputPaths = (
				"$(DERIVED_FILE_DIR)/Pods-MVI-ios-test-checkManifestLockResult.txt",
			);
			runOnlyForDeploymentPostprocessing = 0;
			shellPath = /bin/sh;
			shellScript = "diff \"${PODS_PODFILE_DIR_PATH}/Podfile.lock\" \"${PODS_ROOT}/Manifest.lock\" > /dev/null\nif [ $? != 0 ] ; then\n    # print error to STDERR\n    echo \"error: The sandbox is not in sync with the Podfile.lock. Run 'pod install' or update your CocoaPods installation.\" >&2\n    exit 1\nfi\n# This output is used by Xcode 'outputs' to avoid re-running this script phase.\necho \"SUCCESS\" > \"${SCRIPT_OUTPUT_FILE_0}\"\n";
			showEnvVarsInLog = 0;
		};
		D4E740ED9114813C200DFA0E /* [CP] Embed Pods Frameworks */ = {
			isa = PBXShellScriptBuildPhase;
			buildActionMask = 2147483647;
			files = (
			);
			inputFileListPaths = (
				"${PODS_ROOT}/Target Support Files/Pods-MVI-ios-test-MVI-ios-testUITests/Pods-MVI-ios-test-MVI-ios-testUITests-frameworks-${CONFIGURATION}-input-files.xcfilelist",
			);
			name = "[CP] Embed Pods Frameworks";
			outputFileListPaths = (
				"${PODS_ROOT}/Target Support Files/Pods-MVI-ios-test-MVI-ios-testUITests/Pods-MVI-ios-test-MVI-ios-testUITests-frameworks-${CONFIGURATION}-output-files.xcfilelist",
			);
			runOnlyForDeploymentPostprocessing = 0;
			shellPath = /bin/sh;
			shellScript = "\"${PODS_ROOT}/Target Support Files/Pods-MVI-ios-test-MVI-ios-testUITests/Pods-MVI-ios-test-MVI-ios-testUITests-frameworks.sh\"\n";
			showEnvVarsInLog = 0;
		};
/* End PBXShellScriptBuildPhase section */

/* Begin PBXSourcesBuildPhase section */
		6103B57A26A304CB00CD6A50 /* Sources */ = {
			isa = PBXSourcesBuildPhase;
			buildActionMask = 2147483647;
			files = (
				619ECF3D26A6D78600D37B86 /* API.swift in Sources */,
				6106CC7F26C46D8200643A6C /* LogoutVC.swift in Sources */,
				6103B68C26A564E200CD6A50 /* StandaloneMiddleware.swift in Sources */,
				61DD7ACA26CAC33E00B56313 /* ParchmentFeature.swift in Sources */,
				6199E35A26B5B21100FACDBD /* RxExtensions.swift in Sources */,
				6103B69A26A56EB000CD6A50 /* WrappingCondition.swift in Sources */,
				6106CC7626C4247800643A6C /* SegmentedCell.swift in Sources */,
				6199E39B26B6A0E800FACDBD /* PresenterBase.swift in Sources */,
				619ECEED26A5BCD300D37B86 /* Middlewares.swift in Sources */,
				61C6E45826B31267002D695B /* AuthState.swift in Sources */,
				617FB87D26BFC87E00E51D11 /* GeneralPostsState.swift in Sources */,
				61C6E46F26B562B5002D695B /* ProfileDTO.swift in Sources */,
				61AAAD6026F48F9C0076ED38 /* UserState.swift in Sources */,
				617FB86F26BE8F5000E51D11 /* NSObject+nameOfClass.swift in Sources */,
				6106CC7D26C46C5B00643A6C /* MainTabsVC.swift in Sources */,
				61205D1526B93755007B93BE /* AuthVCModule.swift in Sources */,
				61AAAD5726F3770D0076ED38 /* LikingPostFeature.swift in Sources */,
				61AAAD7826F71CCB0076ED38 /* UserFollowersFollowerCell.swift in Sources */,
				617FB87C26BFC87E00E51D11 /* EntitiesState.swift in Sources */,
				6103B67926A454E900CD6A50 /* Middleware.swift in Sources */,
				617FB87E26BFC87E00E51D11 /* Posts2StepState.swift in Sources */,
				6106CC6126C414CD00643A6C /* PostCell.swift in Sources */,
				6103B61226A31C9000CD6A50 /* BaseFeature.swift in Sources */,
				617FB88326BFCAB200E51D11 /* ModelsContainerFeature.swift in Sources */,
				6103B60926A31B0100CD6A50 /* Consumer.swift in Sources */,
				6106CC6726C4157700643A6C /* PostsVCModule.swift in Sources */,
				61C6E45D26B31320002D695B /* AuthFeature.swift in Sources */,
				6103B58626A304CB00CD6A50 /* RootVC.swift in Sources */,
				6103B68126A457AA00CD6A50 /* Connection.swift in Sources */,
				619ECF7326A6E24300D37B86 /* UserDefault.swift in Sources */,
				617FB88D26BFD60700E51D11 /* EntittiesBaseFeature.swift in Sources */,
				61AAAD6426F5DEFB0076ED38 /* UserVC.swift in Sources */,
				617FB88B26BFD32000E51D11 /* PostsContainerFeature.swift in Sources */,
				617FB88626BFCE8900E51D11 /* UsersContainerFeature.swift in Sources */,
				619ECEF426A5BF6300D37B86 /* LogingMiddleware.swift in Sources */,
				61AAAD7926F71CCB0076ED38 /* UserHeaderCell.swift in Sources */,
				617FB86B26BE8F1700E51D11 /* UIViewController+create.swift in Sources */,
				61205D3326B9397A007B93BE /* UIView+shake.swift in Sources */,
				617FB87726BFC77600E51D11 /* State+ui.swift in Sources */,
				619ECF3C26A6D78600D37B86 /* Mapping.swift in Sources */,
				61AAAD6C26F5F60D0076ED38 /* AFeature.swift in Sources */,
				619ECF7826A6E2A000D37B86 /* SessionFeature.swift in Sources */,
				6106CC6E26C41C6500643A6C /* TVC.swift in Sources */,
				617FB84C26BB0C3B00E51D11 /* GreenButton.swift in Sources */,
				617FB89126C027D700E51D11 /* GeneralPostsFeature.swift in Sources */,
				619ECF6826A6E20200D37B86 /* SessionState.swift in Sources */,
				61AAAD7726F71CCB0076ED38 /* UserFollowersCell.swift in Sources */,
				619ECF5426A6DDB100D37B86 /* UsersContainer.swift in Sources */,
				617FB88126BFC9C700E51D11 /* ModelsContainerProtocol.swift in Sources */,
				6103B62F26A35F2700CD6A50 /* Optional+let.swift in Sources */,
				619ECF3A26A6D78600D37B86 /* Network.swift in Sources */,
				617FB87226BEA49C00E51D11 /* ModelWatcher.swift in Sources */,
				617FB84D26BB0C3B00E51D11 /* LeftIconButton.swift in Sources */,
				61AAAD6226F4908D0076ED38 /* UserFeature.swift in Sources */,
				61AAAD6626F5DF070076ED38 /* UserVCModule.swift in Sources */,
				6103B67326A44E6400CD6A50 /* Binder.swift in Sources */,
				617FB88826BFCED400E51D11 /* ModelsContainerDI.swift in Sources */,
				6106CC6826C4157700643A6C /* PostsVC.swift in Sources */,
				61DD7ABA26CA9BE400B56313 /* UIView+inspectable.swift in Sources */,
				6106CC6A26C4178600643A6C /* Int+shortText.swift in Sources */,
				61C6E47026B562B5002D695B /* CheckIdentifierAvailabilityDTO.swift in Sources */,
				6106CC7926C45C5F00643A6C /* RouterFeature.swift in Sources */,
				6106CC7526C4247800643A6C /* LoadingCell.swift in Sources */,
				61AAAD7626F71CCB0076ED38 /* UserFollowersTitleCell.swift in Sources */,
				6103B61F26A34DCA00CD6A50 /* Consumer+middleware.swift in Sources */,
				6199E36F26B698D000FACDBD /* NetworkDI.swift in Sources */,
				617FB84426BB054600E51D11 /* UIViewController+child.swift in Sources */,
				6103B69226A56E9F00CD6A50 /* MiddlewareConfiguration.swift in Sources */,
				617FB88F26C01DB100E51D11 /* Post2StepFeature.swift in Sources */,
				619ECF3B26A6D78600D37B86 /* MockServer.swift in Sources */,
				6199E38F26B69E3C00FACDBD /* UI_DI.swift in Sources */,
				6199E3C226B7F63B00FACDBD /* RootVCModule.swift in Sources */,
				617FB85326BBD03100E51D11 /* PostDTO.swift in Sources */,
				61205CF526B93505007B93BE /* Router.swift in Sources */,
				6199E3BD26B6A29500FACDBD /* PropsReceiver.swift in Sources */,
				617FB85526BBD03F00E51D11 /* UserDTO.swift in Sources */,
				6103B58226A304CB00CD6A50 /* AppDelegate.swift in Sources */,
				619ECF5626A6DDB100D37B86 /* PostsContainer.swift in Sources */,
				61205CFD26B935DB007B93BE /* AuthVC.swift in Sources */,
				619ECF6626A6E20200D37B86 /* Session.swift in Sources */,
				61205D3826B939A6007B93BE /* UIStackView+Helper.swift in Sources */,
				619ECF5C26A6DFA000D37B86 /* Struct+safe.swift in Sources */,
				61734E3326FB4ACC00B15E07 /* SwiftExtensions.swift in Sources */,
				61DD7AC826CAC26500B56313 /* ParchmentState.swift in Sources */,
				61C6E46726B560E3002D695B /* AuthCredentialsValidator.swift in Sources */,
			);
			runOnlyForDeploymentPostprocessing = 0;
		};
		6103B59026A304CF00CD6A50 /* Sources */ = {
			isa = PBXSourcesBuildPhase;
			buildActionMask = 2147483647;
			files = (
				6103B59926A304CF00CD6A50 /* MVI_ios_testTests.swift in Sources */,
			);
			runOnlyForDeploymentPostprocessing = 0;
		};
		6103B59B26A304CF00CD6A50 /* Sources */ = {
			isa = PBXSourcesBuildPhase;
			buildActionMask = 2147483647;
			files = (
				6103B5A426A304CF00CD6A50 /* MVI_ios_testUITests.swift in Sources */,
			);
			runOnlyForDeploymentPostprocessing = 0;
		};
/* End PBXSourcesBuildPhase section */

/* Begin PBXTargetDependency section */
		6103B59626A304CF00CD6A50 /* PBXTargetDependency */ = {
			isa = PBXTargetDependency;
			target = 6103B57D26A304CB00CD6A50 /* MVI-ios-test */;
			targetProxy = 6103B59526A304CF00CD6A50 /* PBXContainerItemProxy */;
		};
		6103B5A126A304CF00CD6A50 /* PBXTargetDependency */ = {
			isa = PBXTargetDependency;
			target = 6103B57D26A304CB00CD6A50 /* MVI-ios-test */;
			targetProxy = 6103B5A026A304CF00CD6A50 /* PBXContainerItemProxy */;
		};
/* End PBXTargetDependency section */

/* Begin PBXVariantGroup section */
		6103B58726A304CB00CD6A50 /* Root.storyboard */ = {
			isa = PBXVariantGroup;
			children = (
				6103B58826A304CB00CD6A50 /* Base */,
			);
			name = Root.storyboard;
			sourceTree = "<group>";
		};
		6103B58C26A304CE00CD6A50 /* LaunchScreen.storyboard */ = {
			isa = PBXVariantGroup;
			children = (
				6103B58D26A304CE00CD6A50 /* Base */,
			);
			name = LaunchScreen.storyboard;
			sourceTree = "<group>";
		};
/* End PBXVariantGroup section */

/* Begin XCBuildConfiguration section */
		6103B5A626A304CF00CD6A50 /* Debug */ = {
			isa = XCBuildConfiguration;
			buildSettings = {
				ALWAYS_SEARCH_USER_PATHS = NO;
				CLANG_ANALYZER_NONNULL = YES;
				CLANG_ANALYZER_NUMBER_OBJECT_CONVERSION = YES_AGGRESSIVE;
				CLANG_CXX_LANGUAGE_STANDARD = "gnu++14";
				CLANG_CXX_LIBRARY = "libc++";
				CLANG_ENABLE_MODULES = YES;
				CLANG_ENABLE_OBJC_ARC = YES;
				CLANG_ENABLE_OBJC_WEAK = YES;
				CLANG_WARN_BLOCK_CAPTURE_AUTORELEASING = YES;
				CLANG_WARN_BOOL_CONVERSION = YES;
				CLANG_WARN_COMMA = YES;
				CLANG_WARN_CONSTANT_CONVERSION = YES;
				CLANG_WARN_DEPRECATED_OBJC_IMPLEMENTATIONS = YES;
				CLANG_WARN_DIRECT_OBJC_ISA_USAGE = YES_ERROR;
				CLANG_WARN_DOCUMENTATION_COMMENTS = YES;
				CLANG_WARN_EMPTY_BODY = YES;
				CLANG_WARN_ENUM_CONVERSION = YES;
				CLANG_WARN_INFINITE_RECURSION = YES;
				CLANG_WARN_INT_CONVERSION = YES;
				CLANG_WARN_NON_LITERAL_NULL_CONVERSION = YES;
				CLANG_WARN_OBJC_IMPLICIT_RETAIN_SELF = YES;
				CLANG_WARN_OBJC_LITERAL_CONVERSION = YES;
				CLANG_WARN_OBJC_ROOT_CLASS = YES_ERROR;
				CLANG_WARN_QUOTED_INCLUDE_IN_FRAMEWORK_HEADER = YES;
				CLANG_WARN_RANGE_LOOP_ANALYSIS = YES;
				CLANG_WARN_STRICT_PROTOTYPES = YES;
				CLANG_WARN_SUSPICIOUS_MOVE = YES;
				CLANG_WARN_UNGUARDED_AVAILABILITY = YES_AGGRESSIVE;
				CLANG_WARN_UNREACHABLE_CODE = YES;
				CLANG_WARN__DUPLICATE_METHOD_MATCH = YES;
				COPY_PHASE_STRIP = NO;
				DEBUG_INFORMATION_FORMAT = dwarf;
				ENABLE_STRICT_OBJC_MSGSEND = YES;
				ENABLE_TESTABILITY = YES;
				GCC_C_LANGUAGE_STANDARD = gnu11;
				GCC_DYNAMIC_NO_PIC = NO;
				GCC_NO_COMMON_BLOCKS = YES;
				GCC_OPTIMIZATION_LEVEL = 0;
				GCC_PREPROCESSOR_DEFINITIONS = (
					"DEBUG=1",
					"$(inherited)",
				);
				GCC_WARN_64_TO_32_BIT_CONVERSION = YES;
				GCC_WARN_ABOUT_RETURN_TYPE = YES_ERROR;
				GCC_WARN_UNDECLARED_SELECTOR = YES;
				GCC_WARN_UNINITIALIZED_AUTOS = YES_AGGRESSIVE;
				GCC_WARN_UNUSED_FUNCTION = YES;
				GCC_WARN_UNUSED_VARIABLE = YES;
				IPHONEOS_DEPLOYMENT_TARGET = 13.0;
				MTL_ENABLE_DEBUG_INFO = INCLUDE_SOURCE;
				MTL_FAST_MATH = YES;
				ONLY_ACTIVE_ARCH = YES;
				SDKROOT = iphoneos;
				SWIFT_ACTIVE_COMPILATION_CONDITIONS = DEBUG;
				SWIFT_OPTIMIZATION_LEVEL = "-Onone";
			};
			name = Debug;
		};
		6103B5A726A304CF00CD6A50 /* Release */ = {
			isa = XCBuildConfiguration;
			buildSettings = {
				ALWAYS_SEARCH_USER_PATHS = NO;
				CLANG_ANALYZER_NONNULL = YES;
				CLANG_ANALYZER_NUMBER_OBJECT_CONVERSION = YES_AGGRESSIVE;
				CLANG_CXX_LANGUAGE_STANDARD = "gnu++14";
				CLANG_CXX_LIBRARY = "libc++";
				CLANG_ENABLE_MODULES = YES;
				CLANG_ENABLE_OBJC_ARC = YES;
				CLANG_ENABLE_OBJC_WEAK = YES;
				CLANG_WARN_BLOCK_CAPTURE_AUTORELEASING = YES;
				CLANG_WARN_BOOL_CONVERSION = YES;
				CLANG_WARN_COMMA = YES;
				CLANG_WARN_CONSTANT_CONVERSION = YES;
				CLANG_WARN_DEPRECATED_OBJC_IMPLEMENTATIONS = YES;
				CLANG_WARN_DIRECT_OBJC_ISA_USAGE = YES_ERROR;
				CLANG_WARN_DOCUMENTATION_COMMENTS = YES;
				CLANG_WARN_EMPTY_BODY = YES;
				CLANG_WARN_ENUM_CONVERSION = YES;
				CLANG_WARN_INFINITE_RECURSION = YES;
				CLANG_WARN_INT_CONVERSION = YES;
				CLANG_WARN_NON_LITERAL_NULL_CONVERSION = YES;
				CLANG_WARN_OBJC_IMPLICIT_RETAIN_SELF = YES;
				CLANG_WARN_OBJC_LITERAL_CONVERSION = YES;
				CLANG_WARN_OBJC_ROOT_CLASS = YES_ERROR;
				CLANG_WARN_QUOTED_INCLUDE_IN_FRAMEWORK_HEADER = YES;
				CLANG_WARN_RANGE_LOOP_ANALYSIS = YES;
				CLANG_WARN_STRICT_PROTOTYPES = YES;
				CLANG_WARN_SUSPICIOUS_MOVE = YES;
				CLANG_WARN_UNGUARDED_AVAILABILITY = YES_AGGRESSIVE;
				CLANG_WARN_UNREACHABLE_CODE = YES;
				CLANG_WARN__DUPLICATE_METHOD_MATCH = YES;
				COPY_PHASE_STRIP = NO;
				DEBUG_INFORMATION_FORMAT = "dwarf-with-dsym";
				ENABLE_NS_ASSERTIONS = NO;
				ENABLE_STRICT_OBJC_MSGSEND = YES;
				GCC_C_LANGUAGE_STANDARD = gnu11;
				GCC_NO_COMMON_BLOCKS = YES;
				GCC_WARN_64_TO_32_BIT_CONVERSION = YES;
				GCC_WARN_ABOUT_RETURN_TYPE = YES_ERROR;
				GCC_WARN_UNDECLARED_SELECTOR = YES;
				GCC_WARN_UNINITIALIZED_AUTOS = YES_AGGRESSIVE;
				GCC_WARN_UNUSED_FUNCTION = YES;
				GCC_WARN_UNUSED_VARIABLE = YES;
				IPHONEOS_DEPLOYMENT_TARGET = 13.0;
				MTL_ENABLE_DEBUG_INFO = NO;
				MTL_FAST_MATH = YES;
				SDKROOT = iphoneos;
				SWIFT_COMPILATION_MODE = wholemodule;
				SWIFT_OPTIMIZATION_LEVEL = "-O";
				VALIDATE_PRODUCT = YES;
			};
			name = Release;
		};
		6103B5A926A304CF00CD6A50 /* Debug */ = {
			isa = XCBuildConfiguration;
			baseConfigurationReference = 9C70D843D907D04D4E30363E /* Pods-MVI-ios-test.debug.xcconfig */;
			buildSettings = {
				ASSETCATALOG_COMPILER_APPICON_NAME = AppIcon;
				ASSETCATALOG_COMPILER_GLOBAL_ACCENT_COLOR_NAME = AccentColor;
				CODE_SIGN_STYLE = Automatic;
				DEVELOPMENT_TEAM = DDP7PRWGWJ;
				INFOPLIST_FILE = "MVI-ios-test/Info.plist";
				LD_RUNPATH_SEARCH_PATHS = (
					"$(inherited)",
					"@executable_path/Frameworks",
				);
				PRODUCT_BUNDLE_IDENTIFIER = "quadcode.MVI-ios-test";
				PRODUCT_NAME = "$(TARGET_NAME)";
				SWIFT_VERSION = 5.0;
				TARGETED_DEVICE_FAMILY = "1,2";
			};
			name = Debug;
		};
		6103B5AA26A304CF00CD6A50 /* Release */ = {
			isa = XCBuildConfiguration;
			baseConfigurationReference = DCC593FF540AB4A0F992957E /* Pods-MVI-ios-test.release.xcconfig */;
			buildSettings = {
				ASSETCATALOG_COMPILER_APPICON_NAME = AppIcon;
				ASSETCATALOG_COMPILER_GLOBAL_ACCENT_COLOR_NAME = AccentColor;
				CODE_SIGN_STYLE = Automatic;
				DEVELOPMENT_TEAM = DDP7PRWGWJ;
				INFOPLIST_FILE = "MVI-ios-test/Info.plist";
				LD_RUNPATH_SEARCH_PATHS = (
					"$(inherited)",
					"@executable_path/Frameworks",
				);
				PRODUCT_BUNDLE_IDENTIFIER = "quadcode.MVI-ios-test";
				PRODUCT_NAME = "$(TARGET_NAME)";
				SWIFT_VERSION = 5.0;
				TARGETED_DEVICE_FAMILY = "1,2";
			};
			name = Release;
		};
		6103B5AC26A304CF00CD6A50 /* Debug */ = {
			isa = XCBuildConfiguration;
			baseConfigurationReference = 4F606C2D3B80E160B491C7E6 /* Pods-MVI-ios-testTests.debug.xcconfig */;
			buildSettings = {
				ALWAYS_EMBED_SWIFT_STANDARD_LIBRARIES = YES;
				BUNDLE_LOADER = "$(TEST_HOST)";
				CODE_SIGN_STYLE = Automatic;
				DEVELOPMENT_TEAM = DDP7PRWGWJ;
				INFOPLIST_FILE = "MVI-ios-testTests/Info.plist";
				IPHONEOS_DEPLOYMENT_TARGET = 14.4;
				LD_RUNPATH_SEARCH_PATHS = (
					"$(inherited)",
					"@executable_path/Frameworks",
					"@loader_path/Frameworks",
				);
				PRODUCT_BUNDLE_IDENTIFIER = "quadcode.MVI-ios-testTests";
				PRODUCT_NAME = "$(TARGET_NAME)";
				SWIFT_VERSION = 5.0;
				TARGETED_DEVICE_FAMILY = "1,2";
				TEST_HOST = "$(BUILT_PRODUCTS_DIR)/MVI-ios-test.app/MVI-ios-test";
			};
			name = Debug;
		};
		6103B5AD26A304CF00CD6A50 /* Release */ = {
			isa = XCBuildConfiguration;
			baseConfigurationReference = 6315C00F089176DEE383CA29 /* Pods-MVI-ios-testTests.release.xcconfig */;
			buildSettings = {
				ALWAYS_EMBED_SWIFT_STANDARD_LIBRARIES = YES;
				BUNDLE_LOADER = "$(TEST_HOST)";
				CODE_SIGN_STYLE = Automatic;
				DEVELOPMENT_TEAM = DDP7PRWGWJ;
				INFOPLIST_FILE = "MVI-ios-testTests/Info.plist";
				IPHONEOS_DEPLOYMENT_TARGET = 14.4;
				LD_RUNPATH_SEARCH_PATHS = (
					"$(inherited)",
					"@executable_path/Frameworks",
					"@loader_path/Frameworks",
				);
				PRODUCT_BUNDLE_IDENTIFIER = "quadcode.MVI-ios-testTests";
				PRODUCT_NAME = "$(TARGET_NAME)";
				SWIFT_VERSION = 5.0;
				TARGETED_DEVICE_FAMILY = "1,2";
				TEST_HOST = "$(BUILT_PRODUCTS_DIR)/MVI-ios-test.app/MVI-ios-test";
			};
			name = Release;
		};
		6103B5AF26A304CF00CD6A50 /* Debug */ = {
			isa = XCBuildConfiguration;
			baseConfigurationReference = 2A32435FD0D4E157DC579ACE /* Pods-MVI-ios-test-MVI-ios-testUITests.debug.xcconfig */;
			buildSettings = {
				ALWAYS_EMBED_SWIFT_STANDARD_LIBRARIES = YES;
				CODE_SIGN_STYLE = Automatic;
				DEVELOPMENT_TEAM = DDP7PRWGWJ;
				INFOPLIST_FILE = "MVI-ios-testUITests/Info.plist";
				LD_RUNPATH_SEARCH_PATHS = (
					"$(inherited)",
					"@executable_path/Frameworks",
					"@loader_path/Frameworks",
				);
				PRODUCT_BUNDLE_IDENTIFIER = "quadcode.MVI-ios-testUITests";
				PRODUCT_NAME = "$(TARGET_NAME)";
				SWIFT_VERSION = 5.0;
				TARGETED_DEVICE_FAMILY = "1,2";
				TEST_TARGET_NAME = "MVI-ios-test";
			};
			name = Debug;
		};
		6103B5B026A304CF00CD6A50 /* Release */ = {
			isa = XCBuildConfiguration;
			baseConfigurationReference = DDACCD7105D3CC83BB54E457 /* Pods-MVI-ios-test-MVI-ios-testUITests.release.xcconfig */;
			buildSettings = {
				ALWAYS_EMBED_SWIFT_STANDARD_LIBRARIES = YES;
				CODE_SIGN_STYLE = Automatic;
				DEVELOPMENT_TEAM = DDP7PRWGWJ;
				INFOPLIST_FILE = "MVI-ios-testUITests/Info.plist";
				LD_RUNPATH_SEARCH_PATHS = (
					"$(inherited)",
					"@executable_path/Frameworks",
					"@loader_path/Frameworks",
				);
				PRODUCT_BUNDLE_IDENTIFIER = "quadcode.MVI-ios-testUITests";
				PRODUCT_NAME = "$(TARGET_NAME)";
				SWIFT_VERSION = 5.0;
				TARGETED_DEVICE_FAMILY = "1,2";
				TEST_TARGET_NAME = "MVI-ios-test";
			};
			name = Release;
		};
/* End XCBuildConfiguration section */

/* Begin XCConfigurationList section */
		6103B57926A304CB00CD6A50 /* Build configuration list for PBXProject "MVI-ios-test" */ = {
			isa = XCConfigurationList;
			buildConfigurations = (
				6103B5A626A304CF00CD6A50 /* Debug */,
				6103B5A726A304CF00CD6A50 /* Release */,
			);
			defaultConfigurationIsVisible = 0;
			defaultConfigurationName = Release;
		};
		6103B5A826A304CF00CD6A50 /* Build configuration list for PBXNativeTarget "MVI-ios-test" */ = {
			isa = XCConfigurationList;
			buildConfigurations = (
				6103B5A926A304CF00CD6A50 /* Debug */,
				6103B5AA26A304CF00CD6A50 /* Release */,
			);
			defaultConfigurationIsVisible = 0;
			defaultConfigurationName = Release;
		};
		6103B5AB26A304CF00CD6A50 /* Build configuration list for PBXNativeTarget "MVI-ios-testTests" */ = {
			isa = XCConfigurationList;
			buildConfigurations = (
				6103B5AC26A304CF00CD6A50 /* Debug */,
				6103B5AD26A304CF00CD6A50 /* Release */,
			);
			defaultConfigurationIsVisible = 0;
			defaultConfigurationName = Release;
		};
		6103B5AE26A304CF00CD6A50 /* Build configuration list for PBXNativeTarget "MVI-ios-testUITests" */ = {
			isa = XCConfigurationList;
			buildConfigurations = (
				6103B5AF26A304CF00CD6A50 /* Debug */,
				6103B5B026A304CF00CD6A50 /* Release */,
			);
			defaultConfigurationIsVisible = 0;
			defaultConfigurationName = Release;
		};
/* End XCConfigurationList section */
	};
	rootObject = 6103B57626A304CB00CD6A50 /* Project object */;
}
